
Microsoft Visual Studio Solution File, Format Version 12.00
# Visual Studio 2012
Project("{FAE04EC0-301F-11D3-BF4B-00C04F79EFBC}") = "AvukatProLib", "AvukatProLib\AvukatProLib.csproj", "{1CB2FD39-210C-426F-A8BA-D00079508FE3}"
EndProject
Project("{FAE04EC0-301F-11D3-BF4B-00C04F79EFBC}") = "AvukatProLib.Bakim", "AvukatProLib.Bakim\AvukatProLib.Bakim.csproj", "{9D513868-AF87-4300-A2B5-1D2C5541B28E}"
EndProject
Project("{FAE04EC0-301F-11D3-BF4B-00C04F79EFBC}") = "AvukatProLib.Controls", "AvukatProLib.Controls\AvukatProLib.Controls.csproj", "{71647237-8C53-4794-91F5-333E45ECE29D}"
EndProject
Project("{FAE04EC0-301F-11D3-BF4B-00C04F79EFBC}") = "AvukatProLib.Rapor", "AvukatProLib.Rapor\AvukatProLib.Rapor.csproj", "{589AE778-690C-486A-9D59-678A6215D3B5}"
EndProject
Project("{FAE04EC0-301F-11D3-BF4B-00C04F79EFBC}") = "EkDllGridler", "AvukatPro.Grids\EkDllGridler.csproj", "{995A9344-7654-4E4C-9236-282D853B8902}"
EndProject
Project("{FAE04EC0-301F-11D3-BF4B-00C04F79EFBC}") = "EkDllTools", "AvukatPro.Tools\EkDllTools.csproj", "{5CE43E96-189C-40D3-B8C1-20F312A1763D}"
EndProject
Project("{FAE04EC0-301F-11D3-BF4B-00C04F79EFBC}") = "EkDllMesajEditoru", "AvukatProEmailEditor\AvukatProEmailEditor\EkDllMesajEditoru.csproj", "{02CF918D-011E-4643-B02D-38FE4267582C}"
EndProject
Project("{FAE04EC0-301F-11D3-BF4B-00C04F79EFBC}") = "EkDllExportImportIslemleri", "AvukatProExportImport\AvProExportImport\EkDllExportImportIslemleri.csproj", "{60F28038-C533-4098-BFC8-AE54F0C6B8C8}"
EndProject
Project("{FAE04EC0-301F-11D3-BF4B-00C04F79EFBC}") = "EkDllUtil", "AvukatProLib.Util\EkDllUtil.csproj", "{B60564EB-2181-4A15-8CE5-977BDF7427A0}"
EndProject
Project("{FAE04EC0-301F-11D3-BF4B-00C04F79EFBC}") = "EkDllSecimeGoreVeriAlisVerisi", "ExcelToGrid\EkDllSecimeGoreVeriAlisVerisi.csproj", "{E8B5282D-E000-4DE3-BF35-47E42F6D453D}"
EndProject
Project("{FAE04EC0-301F-11D3-BF4B-00C04F79EFBC}") = "EkDllKayitOlusturucu", "Recordgenerator\RecordGenerator\EkDllKayitOlusturucu.csproj", "{ACD635CE-F63E-4C6D-AF83-63D7ABF5DC44}"
EndProject
Project("{FAE04EC0-301F-11D3-BF4B-00C04F79EFBC}") = "EkDllTablodakiKolonVerisi", "TablesColumnData\TablesColumnData\EkDllTablodakiKolonVerisi.csproj", "{A763673E-8AC7-4D8A-B93A-4480A592798B}"
EndProject
Project("{FAE04EC0-301F-11D3-BF4B-00C04F79EFBC}") = "EkDllYaziTabloDonusturucu", "TablesConverter\TableConverter\EkDllYaziTabloDonusturucu.csproj", "{75327147-BF2A-4779-A41E-C3C28B15EB27}"
EndProject
Project("{FAE04EC0-301F-11D3-BF4B-00C04F79EFBC}") = "EkDllTabloVeriCekmeIslemleri", "TablesDatasConverter\TablesDatasConverter\EkDllTabloVeriCekmeIslemleri.csproj", "{EEFA0870-057E-4531-8062-9EE3CD488EC5}"
EndProject
Project("{FAE04EC0-301F-11D3-BF4B-00C04F79EFBC}") = "EkDllBelgeUtil", "BelgeUtil\EkDllBelgeUtil.csproj", "{38B1EFE6-73C2-4C8A-A8D9-2C7023015F35}"
EndProject
Project("{FAE04EC0-301F-11D3-BF4B-00C04F79EFBC}") = "AvukatProUyap", "UYAP\AvukatProUyap\AvukatProUyap.csproj", "{F4EABDB2-615A-4568-A3FE-A7DCFA6B21D1}"
EndProject
Project("{FAE04EC0-301F-11D3-BF4B-00C04F79EFBC}") = "AVPLisans", "AVPLisans\AVPLisans.csproj", "{622095A1-6BE3-4E50-AF63-7AC30A5A6196}"
EndProject
Project("{FAE04EC0-301F-11D3-BF4B-00C04F79EFBC}") = "AvukatProLib.Arama", "AvukatProLib.Arama\AvukatProLib.Arama.csproj", "{0D5C786F-38C6-45D3-8A9B-AB3C1DF876EE}"
EndProject
Project("{FAE04EC0-301F-11D3-BF4B-00C04F79EFBC}") = "AvukatproSetupParametreleri", "AvukatproSetupParametreleri\AvukatproSetupParametreleri.csproj", "{94CA9881-AB26-4D27-B97A-C75BE8A01B1D}"
EndProject
Project("{FAE04EC0-301F-11D3-BF4B-00C04F79EFBC}") = "AvpErrorHandlerService", "AvpErrorHandlerService\AvpErrorHandlerService.csproj", "{ECFFBD39-64EE-4071-B6E8-5EAF7C5DAF34}"
EndProject
Project("{FAE04EC0-301F-11D3-BF4B-00C04F79EFBC}") = "Avukatpro.Reminder", "Avukatpro.Reminder\Avukatpro.Reminder.csproj", "{D4DF3A05-5452-4930-9D03-1EA7E0EBE731}"
EndProject
Project("{FAE04EC0-301F-11D3-BF4B-00C04F79EFBC}") = "AKT_TransferMasrafTahsilatDovizKurAuto", "AKT_TransferMasrafTahsilatDovizKurAuto\AKT_TransferMasrafTahsilatDovizKurAuto.csproj", "{D2445615-1C60-4C57-9918-D837016D9F8D}"
EndProject
Project("{FAE04EC0-301F-11D3-BF4B-00C04F79EFBC}") = "Asistan", "Asistan\Asistan.csproj", "{F44AB3CD-19E3-43C4-B52F-C279E44E845D}"
EndProject
Project("{FAE04EC0-301F-11D3-BF4B-00C04F79EFBC}") = "AvukatPro.Net.Mail", "AvukatPro.Net.Mail\AvukatPro.Net.Mail.csproj", "{18D120D0-B21F-4C08-9024-8FEA8069FF84}"
EndProject
Project("{FAE04EC0-301F-11D3-BF4B-00C04F79EFBC}") = "AvukatProRaporlar", "AvukatProRaporlar\AvukatProRaporlar.csproj", "{50CEE2C5-6C26-4093-A5AA-114C455E2223}"
EndProject
Project("{FAE04EC0-301F-11D3-BF4B-00C04F79EFBC}") = "AvukatProRaporlar.Raport.Util", "AvukatProRaporlar.Raport.Util\AvukatProRaporlar.Raport.Util.csproj", "{A994128B-10EC-4C61-8804-7F38984EDF63}"
EndProject
Project("{FAE04EC0-301F-11D3-BF4B-00C04F79EFBC}") = "IdentityUpdate", "IdentityUpdate\IdentityUpdate.csproj", "{8B41E45A-BB18-4DE3-AD72-6A18FC4B0A40}"
EndProject
Project("{FAE04EC0-301F-11D3-BF4B-00C04F79EFBC}") = "RaporDataSource", "RaporDataSource\RaporDataSource.csproj", "{91B54E7E-0EEE-43E5-A217-B43F1CCE08A2}"
EndProject
Project("{FAE04EC0-301F-11D3-BF4B-00C04F79EFBC}") = "ReportPro", "ReportPro\ReportPro.csproj", "{0130F09A-5D9C-4A3E-96E3-646B5B8DA8AE}"
EndProject
Project("{FAE04EC0-301F-11D3-BF4B-00C04F79EFBC}") = "AdimAdimDavaKaydi", "AdimAdimDavaKaydi\AdimAdimDavaKaydi.csproj", "{436D0DD3-E219-489D-B18A-65845312C48D}"
EndProject
Project("{FAE04EC0-301F-11D3-BF4B-00C04F79EFBC}") = "AvukatProLib.Hesap", "AvukatProLib.Hesap\AvukatProLib.Hesap.csproj", "{45092423-7251-4FFE-983F-9FDE598FC4F2}"
EndProject
Project("{FAE04EC0-301F-11D3-BF4B-00C04F79EFBC}") = "AvukatPro.Services", "AvukatPro.Services\AvukatPro.Services.csproj", "{1FCC8622-0132-4AC4-A532-09EB0F7D5D88}"
EndProject
Project("{FAE04EC0-301F-11D3-BF4B-00C04F79EFBC}") = "ServerSideServices", "ServerSideServices\ServerSideServices.csproj", "{75E74FB4-39A7-4287-B926-69498E3F1B10}"
EndProject
Project("{FAE04EC0-301F-11D3-BF4B-00C04F79EFBC}") = "AVPSetLicence", "AVPSetLicence\AVPSetLicence.csproj", "{848C3ABE-35D2-4C58-8942-563A4C4AAA11}"
EndProject
Project("{FAE04EC0-301F-11D3-BF4B-00C04F79EFBC}") = "AVPUpdater", "AVPUpdater\AVPUpdater.csproj", "{3075951F-BB06-4342-9DED-484EC37DF075}"
EndProject
Project("{FAE04EC0-301F-11D3-BF4B-00C04F79EFBC}") = "CustomAction", "CustomAction\CustomAction.csproj", "{B9015AC5-CAD7-4644-8A8D-47E2B775B78A}"
EndProject
Project("{FAE04EC0-301F-11D3-BF4B-00C04F79EFBC}") = "SetupFormalari", "SetupFormalari\SetupFormalari.csproj", "{549363D5-FE63-47FB-A2F7-50B3C339D8A7}"
EndProject
Project("{FAE04EC0-301F-11D3-BF4B-00C04F79EFBC}") = "AVPUpdaterDevam", "AVPUpdaterDevam\AVPUpdaterDevam.csproj", "{73ECBE35-82DE-46FF-B6F7-6BD0CC80F763}"
EndProject
Project("{FAE04EC0-301F-11D3-BF4B-00C04F79EFBC}") = "AdimAdimDavaKaydi.Properties", "AdimAdimDavaKaydi.Properties\AdimAdimDavaKaydi.Properties.csproj", "{B1DE0695-CB93-4E72-A1F8-F35882664AD1}"
EndProject
Project("{FAE04EC0-301F-11D3-BF4B-00C04F79EFBC}") = "AvukatproUpdater.Common", "AvukatproUpdater\AvukatproUpdater.Common\AvukatproUpdater.Common.csproj", "{6CDC23BE-3A9E-469F-8520-F5B73D97D7C4}"
EndProject
Project("{FAE04EC0-301F-11D3-BF4B-00C04F79EFBC}") = "AVPSchemaGenerator", "AvukatproUpdater\AVPSchemaGenerator\AVPSchemaGenerator.csproj", "{39419F4F-FC06-4ED3-BCEB-04E23FEA07F2}"
EndProject
Project("{FAE04EC0-301F-11D3-BF4B-00C04F79EFBC}") = "EkDllResimEditoru", "AvukatProImageEditor\AvukatProImageEditor\EkDllResimEditoru.csproj", "{6278C986-AE44-4B28-960C-2C8825DB9A40}"
EndProject
Project("{FAE04EC0-301F-11D3-BF4B-00C04F79EFBC}") = "AVPTransfer", "AVPTransfer\AVP\AVPTransfer\AVPTransfer.csproj", "{426CA6BC-9899-4092-B54D-397DB6160D35}"
EndProject
Project("{FAE04EC0-301F-11D3-BF4B-00C04F79EFBC}") = "AvukatPro.Database", "AvukatPro.Database\AvukatPro.Database.csproj", "{8F94C5CB-E9FC-4F11-88D6-E3F7D0E2E5FF}"
EndProject
Project("{FAE04EC0-301F-11D3-BF4B-00C04F79EFBC}") = "Avukatpro.UserImport", "Avukatpro.UserImport\Avukatpro.UserImport.csproj", "{B6C72412-BF7E-414A-8ED9-127506706BDC}"
EndProject
Project("{FAE04EC0-301F-11D3-BF4B-00C04F79EFBC}") = "AvukatPro.Outlook", "AvukatPro.Outlook\AvukatPro.Outlook.csproj", "{C89C9A2D-D746-444C-B4F5-BFCA18A57A26}"
EndProject
Project("{FAE04EC0-301F-11D3-BF4B-00C04F79EFBC}") = "AVPMetre", "AVPMetre\AVPMetre.csproj", "{2D76ED94-D932-4590-9A21-7D42FA3D4221}"
EndProject
Global
	GlobalSection(SubversionScc) = preSolution
		Svn-Managed = True
		Manager = AnkhSVN - Subversion Support for Visual Studio
	EndGlobalSection
	GlobalSection(SolutionConfigurationPlatforms) = preSolution
		Debug|Any CPU = Debug|Any CPU
		Debug|Mixed Platforms = Debug|Mixed Platforms
		Debug|x64 = Debug|x64
		Debug|x86 = Debug|x86
		GenerateDebug|Any CPU = GenerateDebug|Any CPU
		GenerateDebug|Mixed Platforms = GenerateDebug|Mixed Platforms
		GenerateDebug|x64 = GenerateDebug|x64
		GenerateDebug|x86 = GenerateDebug|x86
		Release|Any CPU = Release|Any CPU
		Release|Mixed Platforms = Release|Mixed Platforms
		Release|x64 = Release|x64
		Release|x86 = Release|x86
	EndGlobalSection
	GlobalSection(ProjectConfigurationPlatforms) = postSolution
		{1CB2FD39-210C-426F-A8BA-D00079508FE3}.Debug|Any CPU.ActiveCfg = Debug|Any CPU
		{1CB2FD39-210C-426F-A8BA-D00079508FE3}.Debug|Any CPU.Build.0 = Debug|Any CPU
		{1CB2FD39-210C-426F-A8BA-D00079508FE3}.Debug|Mixed Platforms.ActiveCfg = Debug|Any CPU
		{1CB2FD39-210C-426F-A8BA-D00079508FE3}.Debug|x64.ActiveCfg = Debug|x64
		{1CB2FD39-210C-426F-A8BA-D00079508FE3}.Debug|x64.Build.0 = Debug|x64
		{1CB2FD39-210C-426F-A8BA-D00079508FE3}.Debug|x86.ActiveCfg = Debug|Any CPU
		{1CB2FD39-210C-426F-A8BA-D00079508FE3}.Debug|x86.Build.0 = Debug|Any CPU
		{1CB2FD39-210C-426F-A8BA-D00079508FE3}.GenerateDebug|Any CPU.ActiveCfg = Debug|Any CPU
		{1CB2FD39-210C-426F-A8BA-D00079508FE3}.GenerateDebug|Any CPU.Build.0 = Debug|Any CPU
		{1CB2FD39-210C-426F-A8BA-D00079508FE3}.GenerateDebug|Mixed Platforms.ActiveCfg = Debug|x64
		{1CB2FD39-210C-426F-A8BA-D00079508FE3}.GenerateDebug|Mixed Platforms.Build.0 = Debug|x64
		{1CB2FD39-210C-426F-A8BA-D00079508FE3}.GenerateDebug|x64.ActiveCfg = Debug|x64
		{1CB2FD39-210C-426F-A8BA-D00079508FE3}.GenerateDebug|x64.Build.0 = Debug|x64
		{1CB2FD39-210C-426F-A8BA-D00079508FE3}.GenerateDebug|x86.ActiveCfg = Debug|Any CPU
		{1CB2FD39-210C-426F-A8BA-D00079508FE3}.Release|Any CPU.ActiveCfg = Release|Any CPU
		{1CB2FD39-210C-426F-A8BA-D00079508FE3}.Release|Any CPU.Build.0 = Release|Any CPU
		{1CB2FD39-210C-426F-A8BA-D00079508FE3}.Release|Mixed Platforms.ActiveCfg = Release|x64
		{1CB2FD39-210C-426F-A8BA-D00079508FE3}.Release|Mixed Platforms.Build.0 = Release|x64
		{1CB2FD39-210C-426F-A8BA-D00079508FE3}.Release|x64.ActiveCfg = Release|x64
		{1CB2FD39-210C-426F-A8BA-D00079508FE3}.Release|x64.Build.0 = Release|x64
		{1CB2FD39-210C-426F-A8BA-D00079508FE3}.Release|x86.ActiveCfg = Release|Any CPU
		{9D513868-AF87-4300-A2B5-1D2C5541B28E}.Debug|Any CPU.ActiveCfg = Debug|Any CPU
		{9D513868-AF87-4300-A2B5-1D2C5541B28E}.Debug|Any CPU.Build.0 = Debug|Any CPU
		{9D513868-AF87-4300-A2B5-1D2C5541B28E}.Debug|Mixed Platforms.ActiveCfg = Debug|Any CPU
		{9D513868-AF87-4300-A2B5-1D2C5541B28E}.Debug|x64.ActiveCfg = Debug|x64
		{9D513868-AF87-4300-A2B5-1D2C5541B28E}.Debug|x64.Build.0 = Debug|x64
		{9D513868-AF87-4300-A2B5-1D2C5541B28E}.Debug|x86.ActiveCfg = Debug|Any CPU
		{9D513868-AF87-4300-A2B5-1D2C5541B28E}.Debug|x86.Build.0 = Debug|Any CPU
		{9D513868-AF87-4300-A2B5-1D2C5541B28E}.GenerateDebug|Any CPU.ActiveCfg = Debug|Any CPU
		{9D513868-AF87-4300-A2B5-1D2C5541B28E}.GenerateDebug|Any CPU.Build.0 = Debug|Any CPU
		{9D513868-AF87-4300-A2B5-1D2C5541B28E}.GenerateDebug|Mixed Platforms.ActiveCfg = Debug|x64
		{9D513868-AF87-4300-A2B5-1D2C5541B28E}.GenerateDebug|Mixed Platforms.Build.0 = Debug|x64
		{9D513868-AF87-4300-A2B5-1D2C5541B28E}.GenerateDebug|x64.ActiveCfg = Debug|x64
		{9D513868-AF87-4300-A2B5-1D2C5541B28E}.GenerateDebug|x64.Build.0 = Debug|x64
		{9D513868-AF87-4300-A2B5-1D2C5541B28E}.GenerateDebug|x86.ActiveCfg = Debug|Any CPU
		{9D513868-AF87-4300-A2B5-1D2C5541B28E}.Release|Any CPU.ActiveCfg = Release|Any CPU
		{9D513868-AF87-4300-A2B5-1D2C5541B28E}.Release|Any CPU.Build.0 = Release|Any CPU
		{9D513868-AF87-4300-A2B5-1D2C5541B28E}.Release|Mixed Platforms.ActiveCfg = Release|x64
		{9D513868-AF87-4300-A2B5-1D2C5541B28E}.Release|Mixed Platforms.Build.0 = Release|x64
		{9D513868-AF87-4300-A2B5-1D2C5541B28E}.Release|x64.ActiveCfg = Release|x64
		{9D513868-AF87-4300-A2B5-1D2C5541B28E}.Release|x64.Build.0 = Release|x64
		{9D513868-AF87-4300-A2B5-1D2C5541B28E}.Release|x86.ActiveCfg = Release|Any CPU
		{71647237-8C53-4794-91F5-333E45ECE29D}.Debug|Any CPU.ActiveCfg = Debug|Any CPU
		{71647237-8C53-4794-91F5-333E45ECE29D}.Debug|Any CPU.Build.0 = Debug|Any CPU
		{71647237-8C53-4794-91F5-333E45ECE29D}.Debug|Mixed Platforms.ActiveCfg = Debug|Any CPU
		{71647237-8C53-4794-91F5-333E45ECE29D}.Debug|x64.ActiveCfg = Debug|x64
		{71647237-8C53-4794-91F5-333E45ECE29D}.Debug|x64.Build.0 = Debug|x64
		{71647237-8C53-4794-91F5-333E45ECE29D}.Debug|x86.ActiveCfg = Debug|Any CPU
		{71647237-8C53-4794-91F5-333E45ECE29D}.Debug|x86.Build.0 = Debug|Any CPU
		{71647237-8C53-4794-91F5-333E45ECE29D}.GenerateDebug|Any CPU.ActiveCfg = Debug|Any CPU
		{71647237-8C53-4794-91F5-333E45ECE29D}.GenerateDebug|Any CPU.Build.0 = Debug|Any CPU
		{71647237-8C53-4794-91F5-333E45ECE29D}.GenerateDebug|Mixed Platforms.ActiveCfg = Debug|x64
		{71647237-8C53-4794-91F5-333E45ECE29D}.GenerateDebug|Mixed Platforms.Build.0 = Debug|x64
		{71647237-8C53-4794-91F5-333E45ECE29D}.GenerateDebug|x64.ActiveCfg = Debug|x64
		{71647237-8C53-4794-91F5-333E45ECE29D}.GenerateDebug|x64.Build.0 = Debug|x64
		{71647237-8C53-4794-91F5-333E45ECE29D}.GenerateDebug|x86.ActiveCfg = Debug|Any CPU
		{71647237-8C53-4794-91F5-333E45ECE29D}.Release|Any CPU.ActiveCfg = Release|Any CPU
		{71647237-8C53-4794-91F5-333E45ECE29D}.Release|Any CPU.Build.0 = Release|Any CPU
		{71647237-8C53-4794-91F5-333E45ECE29D}.Release|Mixed Platforms.ActiveCfg = Release|x64
		{71647237-8C53-4794-91F5-333E45ECE29D}.Release|Mixed Platforms.Build.0 = Release|x64
		{71647237-8C53-4794-91F5-333E45ECE29D}.Release|x64.ActiveCfg = Release|x64
		{71647237-8C53-4794-91F5-333E45ECE29D}.Release|x64.Build.0 = Release|x64
		{71647237-8C53-4794-91F5-333E45ECE29D}.Release|x86.ActiveCfg = Release|Any CPU
		{589AE778-690C-486A-9D59-678A6215D3B5}.Debug|Any CPU.ActiveCfg = Debug|Any CPU
		{589AE778-690C-486A-9D59-678A6215D3B5}.Debug|Any CPU.Build.0 = Debug|Any CPU
		{589AE778-690C-486A-9D59-678A6215D3B5}.Debug|Mixed Platforms.ActiveCfg = Debug|Any CPU
		{589AE778-690C-486A-9D59-678A6215D3B5}.Debug|x64.ActiveCfg = Debug|x64
		{589AE778-690C-486A-9D59-678A6215D3B5}.Debug|x64.Build.0 = Debug|x64
		{589AE778-690C-486A-9D59-678A6215D3B5}.Debug|x86.ActiveCfg = Debug|Any CPU
		{589AE778-690C-486A-9D59-678A6215D3B5}.Debug|x86.Build.0 = Debug|Any CPU
		{589AE778-690C-486A-9D59-678A6215D3B5}.GenerateDebug|Any CPU.ActiveCfg = Debug|Any CPU
		{589AE778-690C-486A-9D59-678A6215D3B5}.GenerateDebug|Any CPU.Build.0 = Debug|Any CPU
		{589AE778-690C-486A-9D59-678A6215D3B5}.GenerateDebug|Mixed Platforms.ActiveCfg = Debug|x64
		{589AE778-690C-486A-9D59-678A6215D3B5}.GenerateDebug|Mixed Platforms.Build.0 = Debug|x64
		{589AE778-690C-486A-9D59-678A6215D3B5}.GenerateDebug|x64.ActiveCfg = Debug|x64
		{589AE778-690C-486A-9D59-678A6215D3B5}.GenerateDebug|x64.Build.0 = Debug|x64
		{589AE778-690C-486A-9D59-678A6215D3B5}.GenerateDebug|x86.ActiveCfg = Debug|Any CPU
		{589AE778-690C-486A-9D59-678A6215D3B5}.Release|Any CPU.ActiveCfg = Release|Any CPU
		{589AE778-690C-486A-9D59-678A6215D3B5}.Release|Any CPU.Build.0 = Release|Any CPU
		{589AE778-690C-486A-9D59-678A6215D3B5}.Release|Mixed Platforms.ActiveCfg = Release|x64
		{589AE778-690C-486A-9D59-678A6215D3B5}.Release|Mixed Platforms.Build.0 = Release|x64
		{589AE778-690C-486A-9D59-678A6215D3B5}.Release|x64.ActiveCfg = Release|x64
		{589AE778-690C-486A-9D59-678A6215D3B5}.Release|x86.ActiveCfg = Release|Any CPU
		{995A9344-7654-4E4C-9236-282D853B8902}.Debug|Any CPU.ActiveCfg = Debug|Any CPU
		{995A9344-7654-4E4C-9236-282D853B8902}.Debug|Any CPU.Build.0 = Debug|Any CPU
		{995A9344-7654-4E4C-9236-282D853B8902}.Debug|Mixed Platforms.ActiveCfg = Debug|Any CPU
		{995A9344-7654-4E4C-9236-282D853B8902}.Debug|x64.ActiveCfg = Debug|x64
		{995A9344-7654-4E4C-9236-282D853B8902}.Debug|x64.Build.0 = Debug|x64
		{995A9344-7654-4E4C-9236-282D853B8902}.Debug|x86.ActiveCfg = Debug|Any CPU
		{995A9344-7654-4E4C-9236-282D853B8902}.Debug|x86.Build.0 = Debug|Any CPU
		{995A9344-7654-4E4C-9236-282D853B8902}.GenerateDebug|Any CPU.ActiveCfg = Debug|Any CPU
		{995A9344-7654-4E4C-9236-282D853B8902}.GenerateDebug|Any CPU.Build.0 = Debug|Any CPU
		{995A9344-7654-4E4C-9236-282D853B8902}.GenerateDebug|Mixed Platforms.ActiveCfg = Debug|x64
		{995A9344-7654-4E4C-9236-282D853B8902}.GenerateDebug|Mixed Platforms.Build.0 = Debug|x64
		{995A9344-7654-4E4C-9236-282D853B8902}.GenerateDebug|x64.ActiveCfg = Debug|x64
		{995A9344-7654-4E4C-9236-282D853B8902}.GenerateDebug|x64.Build.0 = Debug|x64
		{995A9344-7654-4E4C-9236-282D853B8902}.GenerateDebug|x86.ActiveCfg = Debug|Any CPU
		{995A9344-7654-4E4C-9236-282D853B8902}.Release|Any CPU.ActiveCfg = Release|Any CPU
		{995A9344-7654-4E4C-9236-282D853B8902}.Release|Any CPU.Build.0 = Release|Any CPU
		{995A9344-7654-4E4C-9236-282D853B8902}.Release|Mixed Platforms.ActiveCfg = Release|x64
		{995A9344-7654-4E4C-9236-282D853B8902}.Release|Mixed Platforms.Build.0 = Release|x64
		{995A9344-7654-4E4C-9236-282D853B8902}.Release|x64.ActiveCfg = Release|x64
		{995A9344-7654-4E4C-9236-282D853B8902}.Release|x64.Build.0 = Release|x64
		{995A9344-7654-4E4C-9236-282D853B8902}.Release|x86.ActiveCfg = Release|Any CPU
		{5CE43E96-189C-40D3-B8C1-20F312A1763D}.Debug|Any CPU.ActiveCfg = Debug|Any CPU
		{5CE43E96-189C-40D3-B8C1-20F312A1763D}.Debug|Any CPU.Build.0 = Debug|Any CPU
		{5CE43E96-189C-40D3-B8C1-20F312A1763D}.Debug|Mixed Platforms.ActiveCfg = Debug|Any CPU
		{5CE43E96-189C-40D3-B8C1-20F312A1763D}.Debug|x64.ActiveCfg = Debug|x64
		{5CE43E96-189C-40D3-B8C1-20F312A1763D}.Debug|x64.Build.0 = Debug|x64
		{5CE43E96-189C-40D3-B8C1-20F312A1763D}.Debug|x86.ActiveCfg = Debug|Any CPU
		{5CE43E96-189C-40D3-B8C1-20F312A1763D}.Debug|x86.Build.0 = Debug|Any CPU
		{5CE43E96-189C-40D3-B8C1-20F312A1763D}.GenerateDebug|Any CPU.ActiveCfg = Debug|Any CPU
		{5CE43E96-189C-40D3-B8C1-20F312A1763D}.GenerateDebug|Any CPU.Build.0 = Debug|Any CPU
		{5CE43E96-189C-40D3-B8C1-20F312A1763D}.GenerateDebug|Mixed Platforms.ActiveCfg = Debug|x64
		{5CE43E96-189C-40D3-B8C1-20F312A1763D}.GenerateDebug|Mixed Platforms.Build.0 = Debug|x64
		{5CE43E96-189C-40D3-B8C1-20F312A1763D}.GenerateDebug|x64.ActiveCfg = Debug|x64
		{5CE43E96-189C-40D3-B8C1-20F312A1763D}.GenerateDebug|x64.Build.0 = Debug|x64
		{5CE43E96-189C-40D3-B8C1-20F312A1763D}.GenerateDebug|x86.ActiveCfg = Debug|Any CPU
		{5CE43E96-189C-40D3-B8C1-20F312A1763D}.Release|Any CPU.ActiveCfg = Release|Any CPU
		{5CE43E96-189C-40D3-B8C1-20F312A1763D}.Release|Any CPU.Build.0 = Release|Any CPU
		{5CE43E96-189C-40D3-B8C1-20F312A1763D}.Release|Mixed Platforms.ActiveCfg = Release|x64
		{5CE43E96-189C-40D3-B8C1-20F312A1763D}.Release|Mixed Platforms.Build.0 = Release|x64
		{5CE43E96-189C-40D3-B8C1-20F312A1763D}.Release|x64.ActiveCfg = Release|x64
		{5CE43E96-189C-40D3-B8C1-20F312A1763D}.Release|x64.Build.0 = Release|x64
		{5CE43E96-189C-40D3-B8C1-20F312A1763D}.Release|x86.ActiveCfg = Release|Any CPU
		{02CF918D-011E-4643-B02D-38FE4267582C}.Debug|Any CPU.ActiveCfg = Debug|Any CPU
		{02CF918D-011E-4643-B02D-38FE4267582C}.Debug|Any CPU.Build.0 = Debug|Any CPU
		{02CF918D-011E-4643-B02D-38FE4267582C}.Debug|Mixed Platforms.ActiveCfg = Debug|Any CPU
		{02CF918D-011E-4643-B02D-38FE4267582C}.Debug|x64.ActiveCfg = Debug|x64
		{02CF918D-011E-4643-B02D-38FE4267582C}.Debug|x64.Build.0 = Debug|x64
		{02CF918D-011E-4643-B02D-38FE4267582C}.Debug|x86.ActiveCfg = Debug|Any CPU
		{02CF918D-011E-4643-B02D-38FE4267582C}.Debug|x86.Build.0 = Debug|Any CPU
		{02CF918D-011E-4643-B02D-38FE4267582C}.GenerateDebug|Any CPU.ActiveCfg = Debug|Any CPU
		{02CF918D-011E-4643-B02D-38FE4267582C}.GenerateDebug|Any CPU.Build.0 = Debug|Any CPU
		{02CF918D-011E-4643-B02D-38FE4267582C}.GenerateDebug|Mixed Platforms.ActiveCfg = Debug|x64
		{02CF918D-011E-4643-B02D-38FE4267582C}.GenerateDebug|Mixed Platforms.Build.0 = Debug|x64
		{02CF918D-011E-4643-B02D-38FE4267582C}.GenerateDebug|x64.ActiveCfg = Debug|x64
		{02CF918D-011E-4643-B02D-38FE4267582C}.GenerateDebug|x64.Build.0 = Debug|x64
		{02CF918D-011E-4643-B02D-38FE4267582C}.GenerateDebug|x86.ActiveCfg = Debug|Any CPU
		{02CF918D-011E-4643-B02D-38FE4267582C}.Release|Any CPU.ActiveCfg = Release|Any CPU
		{02CF918D-011E-4643-B02D-38FE4267582C}.Release|Any CPU.Build.0 = Release|Any CPU
		{02CF918D-011E-4643-B02D-38FE4267582C}.Release|Mixed Platforms.ActiveCfg = Release|x64
		{02CF918D-011E-4643-B02D-38FE4267582C}.Release|Mixed Platforms.Build.0 = Release|x64
		{02CF918D-011E-4643-B02D-38FE4267582C}.Release|x64.ActiveCfg = Release|x64
		{02CF918D-011E-4643-B02D-38FE4267582C}.Release|x64.Build.0 = Release|x64
		{02CF918D-011E-4643-B02D-38FE4267582C}.Release|x86.ActiveCfg = Release|Any CPU
		{60F28038-C533-4098-BFC8-AE54F0C6B8C8}.Debug|Any CPU.ActiveCfg = Debug|Any CPU
		{60F28038-C533-4098-BFC8-AE54F0C6B8C8}.Debug|Any CPU.Build.0 = Debug|Any CPU
		{60F28038-C533-4098-BFC8-AE54F0C6B8C8}.Debug|Mixed Platforms.ActiveCfg = Debug|Any CPU
		{60F28038-C533-4098-BFC8-AE54F0C6B8C8}.Debug|x64.ActiveCfg = Debug|x64
		{60F28038-C533-4098-BFC8-AE54F0C6B8C8}.Debug|x64.Build.0 = Debug|x64
		{60F28038-C533-4098-BFC8-AE54F0C6B8C8}.Debug|x86.ActiveCfg = Debug|Any CPU
		{60F28038-C533-4098-BFC8-AE54F0C6B8C8}.Debug|x86.Build.0 = Debug|Any CPU
		{60F28038-C533-4098-BFC8-AE54F0C6B8C8}.GenerateDebug|Any CPU.ActiveCfg = Debug|Any CPU
		{60F28038-C533-4098-BFC8-AE54F0C6B8C8}.GenerateDebug|Any CPU.Build.0 = Debug|Any CPU
		{60F28038-C533-4098-BFC8-AE54F0C6B8C8}.GenerateDebug|Mixed Platforms.ActiveCfg = Debug|x64
		{60F28038-C533-4098-BFC8-AE54F0C6B8C8}.GenerateDebug|Mixed Platforms.Build.0 = Debug|x64
		{60F28038-C533-4098-BFC8-AE54F0C6B8C8}.GenerateDebug|x64.ActiveCfg = Debug|x64
		{60F28038-C533-4098-BFC8-AE54F0C6B8C8}.GenerateDebug|x64.Build.0 = Debug|x64
		{60F28038-C533-4098-BFC8-AE54F0C6B8C8}.GenerateDebug|x86.ActiveCfg = Debug|Any CPU
		{60F28038-C533-4098-BFC8-AE54F0C6B8C8}.Release|Any CPU.ActiveCfg = Release|Any CPU
		{60F28038-C533-4098-BFC8-AE54F0C6B8C8}.Release|Any CPU.Build.0 = Release|Any CPU
		{60F28038-C533-4098-BFC8-AE54F0C6B8C8}.Release|Mixed Platforms.ActiveCfg = Release|x64
		{60F28038-C533-4098-BFC8-AE54F0C6B8C8}.Release|Mixed Platforms.Build.0 = Release|x64
		{60F28038-C533-4098-BFC8-AE54F0C6B8C8}.Release|x64.ActiveCfg = Release|x64
		{60F28038-C533-4098-BFC8-AE54F0C6B8C8}.Release|x64.Build.0 = Release|x64
		{60F28038-C533-4098-BFC8-AE54F0C6B8C8}.Release|x86.ActiveCfg = Release|Any CPU
		{B60564EB-2181-4A15-8CE5-977BDF7427A0}.Debug|Any CPU.ActiveCfg = Debug|Any CPU
		{B60564EB-2181-4A15-8CE5-977BDF7427A0}.Debug|Any CPU.Build.0 = Debug|Any CPU
		{B60564EB-2181-4A15-8CE5-977BDF7427A0}.Debug|Mixed Platforms.ActiveCfg = Debug|Any CPU
		{B60564EB-2181-4A15-8CE5-977BDF7427A0}.Debug|x64.ActiveCfg = Debug|x64
		{B60564EB-2181-4A15-8CE5-977BDF7427A0}.Debug|x64.Build.0 = Debug|x64
		{B60564EB-2181-4A15-8CE5-977BDF7427A0}.Debug|x86.ActiveCfg = Debug|Any CPU
		{B60564EB-2181-4A15-8CE5-977BDF7427A0}.Debug|x86.Build.0 = Debug|Any CPU
		{B60564EB-2181-4A15-8CE5-977BDF7427A0}.GenerateDebug|Any CPU.ActiveCfg = Debug|Any CPU
		{B60564EB-2181-4A15-8CE5-977BDF7427A0}.GenerateDebug|Any CPU.Build.0 = Debug|Any CPU
		{B60564EB-2181-4A15-8CE5-977BDF7427A0}.GenerateDebug|Mixed Platforms.ActiveCfg = Debug|x64
		{B60564EB-2181-4A15-8CE5-977BDF7427A0}.GenerateDebug|Mixed Platforms.Build.0 = Debug|x64
		{B60564EB-2181-4A15-8CE5-977BDF7427A0}.GenerateDebug|x64.ActiveCfg = Debug|x64
		{B60564EB-2181-4A15-8CE5-977BDF7427A0}.GenerateDebug|x64.Build.0 = Debug|x64
		{B60564EB-2181-4A15-8CE5-977BDF7427A0}.GenerateDebug|x86.ActiveCfg = Debug|Any CPU
		{B60564EB-2181-4A15-8CE5-977BDF7427A0}.Release|Any CPU.ActiveCfg = Release|Any CPU
		{B60564EB-2181-4A15-8CE5-977BDF7427A0}.Release|Any CPU.Build.0 = Release|Any CPU
		{B60564EB-2181-4A15-8CE5-977BDF7427A0}.Release|Mixed Platforms.ActiveCfg = Release|x64
		{B60564EB-2181-4A15-8CE5-977BDF7427A0}.Release|Mixed Platforms.Build.0 = Release|x64
		{B60564EB-2181-4A15-8CE5-977BDF7427A0}.Release|x64.ActiveCfg = Release|x64
		{B60564EB-2181-4A15-8CE5-977BDF7427A0}.Release|x64.Build.0 = Release|x64
		{B60564EB-2181-4A15-8CE5-977BDF7427A0}.Release|x86.ActiveCfg = Release|Any CPU
		{E8B5282D-E000-4DE3-BF35-47E42F6D453D}.Debug|Any CPU.ActiveCfg = Debug|Any CPU
		{E8B5282D-E000-4DE3-BF35-47E42F6D453D}.Debug|Any CPU.Build.0 = Debug|Any CPU
		{E8B5282D-E000-4DE3-BF35-47E42F6D453D}.Debug|Mixed Platforms.ActiveCfg = Debug|Any CPU
		{E8B5282D-E000-4DE3-BF35-47E42F6D453D}.Debug|x64.ActiveCfg = Debug|x64
		{E8B5282D-E000-4DE3-BF35-47E42F6D453D}.Debug|x64.Build.0 = Debug|x64
		{E8B5282D-E000-4DE3-BF35-47E42F6D453D}.Debug|x86.ActiveCfg = Debug|Any CPU
		{E8B5282D-E000-4DE3-BF35-47E42F6D453D}.Debug|x86.Build.0 = Debug|Any CPU
		{E8B5282D-E000-4DE3-BF35-47E42F6D453D}.GenerateDebug|Any CPU.ActiveCfg = Debug|Any CPU
		{E8B5282D-E000-4DE3-BF35-47E42F6D453D}.GenerateDebug|Any CPU.Build.0 = Debug|Any CPU
		{E8B5282D-E000-4DE3-BF35-47E42F6D453D}.GenerateDebug|Mixed Platforms.ActiveCfg = Debug|x64
		{E8B5282D-E000-4DE3-BF35-47E42F6D453D}.GenerateDebug|Mixed Platforms.Build.0 = Debug|x64
		{E8B5282D-E000-4DE3-BF35-47E42F6D453D}.GenerateDebug|x64.ActiveCfg = Debug|x64
		{E8B5282D-E000-4DE3-BF35-47E42F6D453D}.GenerateDebug|x64.Build.0 = Debug|x64
		{E8B5282D-E000-4DE3-BF35-47E42F6D453D}.GenerateDebug|x86.ActiveCfg = Debug|Any CPU
		{E8B5282D-E000-4DE3-BF35-47E42F6D453D}.Release|Any CPU.ActiveCfg = Release|Any CPU
		{E8B5282D-E000-4DE3-BF35-47E42F6D453D}.Release|Any CPU.Build.0 = Release|Any CPU
		{E8B5282D-E000-4DE3-BF35-47E42F6D453D}.Release|Mixed Platforms.ActiveCfg = Release|x64
		{E8B5282D-E000-4DE3-BF35-47E42F6D453D}.Release|Mixed Platforms.Build.0 = Release|x64
		{E8B5282D-E000-4DE3-BF35-47E42F6D453D}.Release|x64.ActiveCfg = Release|x64
		{E8B5282D-E000-4DE3-BF35-47E42F6D453D}.Release|x64.Build.0 = Release|x64
		{E8B5282D-E000-4DE3-BF35-47E42F6D453D}.Release|x86.ActiveCfg = Release|Any CPU
		{ACD635CE-F63E-4C6D-AF83-63D7ABF5DC44}.Debug|Any CPU.ActiveCfg = Debug|Any CPU
		{ACD635CE-F63E-4C6D-AF83-63D7ABF5DC44}.Debug|Any CPU.Build.0 = Debug|Any CPU
		{ACD635CE-F63E-4C6D-AF83-63D7ABF5DC44}.Debug|Mixed Platforms.ActiveCfg = Debug|Any CPU
		{ACD635CE-F63E-4C6D-AF83-63D7ABF5DC44}.Debug|x64.ActiveCfg = Debug|x64
		{ACD635CE-F63E-4C6D-AF83-63D7ABF5DC44}.Debug|x64.Build.0 = Debug|x64
		{ACD635CE-F63E-4C6D-AF83-63D7ABF5DC44}.Debug|x86.ActiveCfg = Debug|Any CPU
		{ACD635CE-F63E-4C6D-AF83-63D7ABF5DC44}.Debug|x86.Build.0 = Debug|Any CPU
		{ACD635CE-F63E-4C6D-AF83-63D7ABF5DC44}.GenerateDebug|Any CPU.ActiveCfg = Debug|Any CPU
		{ACD635CE-F63E-4C6D-AF83-63D7ABF5DC44}.GenerateDebug|Any CPU.Build.0 = Debug|Any CPU
		{ACD635CE-F63E-4C6D-AF83-63D7ABF5DC44}.GenerateDebug|Mixed Platforms.ActiveCfg = Debug|x64
		{ACD635CE-F63E-4C6D-AF83-63D7ABF5DC44}.GenerateDebug|Mixed Platforms.Build.0 = Debug|x64
		{ACD635CE-F63E-4C6D-AF83-63D7ABF5DC44}.GenerateDebug|x64.ActiveCfg = Debug|x64
		{ACD635CE-F63E-4C6D-AF83-63D7ABF5DC44}.GenerateDebug|x64.Build.0 = Debug|x64
		{ACD635CE-F63E-4C6D-AF83-63D7ABF5DC44}.GenerateDebug|x86.ActiveCfg = Debug|Any CPU
		{ACD635CE-F63E-4C6D-AF83-63D7ABF5DC44}.Release|Any CPU.ActiveCfg = Release|Any CPU
		{ACD635CE-F63E-4C6D-AF83-63D7ABF5DC44}.Release|Any CPU.Build.0 = Release|Any CPU
		{ACD635CE-F63E-4C6D-AF83-63D7ABF5DC44}.Release|Mixed Platforms.ActiveCfg = Release|x64
		{ACD635CE-F63E-4C6D-AF83-63D7ABF5DC44}.Release|Mixed Platforms.Build.0 = Release|x64
		{ACD635CE-F63E-4C6D-AF83-63D7ABF5DC44}.Release|x64.ActiveCfg = Release|x64
		{ACD635CE-F63E-4C6D-AF83-63D7ABF5DC44}.Release|x64.Build.0 = Release|x64
		{ACD635CE-F63E-4C6D-AF83-63D7ABF5DC44}.Release|x86.ActiveCfg = Release|Any CPU
		{A763673E-8AC7-4D8A-B93A-4480A592798B}.Debug|Any CPU.ActiveCfg = Debug|Any CPU
		{A763673E-8AC7-4D8A-B93A-4480A592798B}.Debug|Any CPU.Build.0 = Debug|Any CPU
		{A763673E-8AC7-4D8A-B93A-4480A592798B}.Debug|Mixed Platforms.ActiveCfg = Debug|Any CPU
		{A763673E-8AC7-4D8A-B93A-4480A592798B}.Debug|x64.ActiveCfg = Debug|x64
		{A763673E-8AC7-4D8A-B93A-4480A592798B}.Debug|x64.Build.0 = Debug|x64
		{A763673E-8AC7-4D8A-B93A-4480A592798B}.Debug|x86.ActiveCfg = Debug|Any CPU
		{A763673E-8AC7-4D8A-B93A-4480A592798B}.Debug|x86.Build.0 = Debug|Any CPU
		{A763673E-8AC7-4D8A-B93A-4480A592798B}.GenerateDebug|Any CPU.ActiveCfg = Debug|Any CPU
		{A763673E-8AC7-4D8A-B93A-4480A592798B}.GenerateDebug|Any CPU.Build.0 = Debug|Any CPU
		{A763673E-8AC7-4D8A-B93A-4480A592798B}.GenerateDebug|Mixed Platforms.ActiveCfg = Debug|x64
		{A763673E-8AC7-4D8A-B93A-4480A592798B}.GenerateDebug|Mixed Platforms.Build.0 = Debug|x64
		{A763673E-8AC7-4D8A-B93A-4480A592798B}.GenerateDebug|x64.ActiveCfg = Debug|x64
		{A763673E-8AC7-4D8A-B93A-4480A592798B}.GenerateDebug|x64.Build.0 = Debug|x64
		{A763673E-8AC7-4D8A-B93A-4480A592798B}.GenerateDebug|x86.ActiveCfg = Debug|Any CPU
		{A763673E-8AC7-4D8A-B93A-4480A592798B}.Release|Any CPU.ActiveCfg = Release|Any CPU
		{A763673E-8AC7-4D8A-B93A-4480A592798B}.Release|Any CPU.Build.0 = Release|Any CPU
		{A763673E-8AC7-4D8A-B93A-4480A592798B}.Release|Mixed Platforms.ActiveCfg = Release|x64
		{A763673E-8AC7-4D8A-B93A-4480A592798B}.Release|Mixed Platforms.Build.0 = Release|x64
		{A763673E-8AC7-4D8A-B93A-4480A592798B}.Release|x64.ActiveCfg = Release|x64
		{A763673E-8AC7-4D8A-B93A-4480A592798B}.Release|x64.Build.0 = Release|x64
		{A763673E-8AC7-4D8A-B93A-4480A592798B}.Release|x86.ActiveCfg = Release|Any CPU
		{75327147-BF2A-4779-A41E-C3C28B15EB27}.Debug|Any CPU.ActiveCfg = Debug|Any CPU
		{75327147-BF2A-4779-A41E-C3C28B15EB27}.Debug|Any CPU.Build.0 = Debug|Any CPU
		{75327147-BF2A-4779-A41E-C3C28B15EB27}.Debug|Mixed Platforms.ActiveCfg = Debug|Any CPU
		{75327147-BF2A-4779-A41E-C3C28B15EB27}.Debug|x64.ActiveCfg = Debug|x64
		{75327147-BF2A-4779-A41E-C3C28B15EB27}.Debug|x64.Build.0 = Debug|x64
		{75327147-BF2A-4779-A41E-C3C28B15EB27}.Debug|x86.ActiveCfg = Debug|Any CPU
		{75327147-BF2A-4779-A41E-C3C28B15EB27}.Debug|x86.Build.0 = Debug|Any CPU
		{75327147-BF2A-4779-A41E-C3C28B15EB27}.GenerateDebug|Any CPU.ActiveCfg = Debug|Any CPU
		{75327147-BF2A-4779-A41E-C3C28B15EB27}.GenerateDebug|Any CPU.Build.0 = Debug|Any CPU
		{75327147-BF2A-4779-A41E-C3C28B15EB27}.GenerateDebug|Mixed Platforms.ActiveCfg = Debug|x64
		{75327147-BF2A-4779-A41E-C3C28B15EB27}.GenerateDebug|Mixed Platforms.Build.0 = Debug|x64
		{75327147-BF2A-4779-A41E-C3C28B15EB27}.GenerateDebug|x64.ActiveCfg = Debug|x64
		{75327147-BF2A-4779-A41E-C3C28B15EB27}.GenerateDebug|x64.Build.0 = Debug|x64
		{75327147-BF2A-4779-A41E-C3C28B15EB27}.GenerateDebug|x86.ActiveCfg = Debug|Any CPU
		{75327147-BF2A-4779-A41E-C3C28B15EB27}.Release|Any CPU.ActiveCfg = Release|Any CPU
		{75327147-BF2A-4779-A41E-C3C28B15EB27}.Release|Any CPU.Build.0 = Release|Any CPU
		{75327147-BF2A-4779-A41E-C3C28B15EB27}.Release|Mixed Platforms.ActiveCfg = Release|x64
		{75327147-BF2A-4779-A41E-C3C28B15EB27}.Release|Mixed Platforms.Build.0 = Release|x64
		{75327147-BF2A-4779-A41E-C3C28B15EB27}.Release|x64.ActiveCfg = Release|x64
		{75327147-BF2A-4779-A41E-C3C28B15EB27}.Release|x64.Build.0 = Release|x64
		{75327147-BF2A-4779-A41E-C3C28B15EB27}.Release|x86.ActiveCfg = Release|Any CPU
		{EEFA0870-057E-4531-8062-9EE3CD488EC5}.Debug|Any CPU.ActiveCfg = Debug|Any CPU
		{EEFA0870-057E-4531-8062-9EE3CD488EC5}.Debug|Any CPU.Build.0 = Debug|Any CPU
		{EEFA0870-057E-4531-8062-9EE3CD488EC5}.Debug|Mixed Platforms.ActiveCfg = Debug|Any CPU
		{EEFA0870-057E-4531-8062-9EE3CD488EC5}.Debug|x64.ActiveCfg = Debug|x64
		{EEFA0870-057E-4531-8062-9EE3CD488EC5}.Debug|x64.Build.0 = Debug|x64
		{EEFA0870-057E-4531-8062-9EE3CD488EC5}.Debug|x86.ActiveCfg = Debug|Any CPU
		{EEFA0870-057E-4531-8062-9EE3CD488EC5}.Debug|x86.Build.0 = Debug|Any CPU
		{EEFA0870-057E-4531-8062-9EE3CD488EC5}.GenerateDebug|Any CPU.ActiveCfg = Debug|Any CPU
		{EEFA0870-057E-4531-8062-9EE3CD488EC5}.GenerateDebug|Any CPU.Build.0 = Debug|Any CPU
		{EEFA0870-057E-4531-8062-9EE3CD488EC5}.GenerateDebug|Mixed Platforms.ActiveCfg = Debug|x64
		{EEFA0870-057E-4531-8062-9EE3CD488EC5}.GenerateDebug|Mixed Platforms.Build.0 = Debug|x64
		{EEFA0870-057E-4531-8062-9EE3CD488EC5}.GenerateDebug|x64.ActiveCfg = Debug|x64
		{EEFA0870-057E-4531-8062-9EE3CD488EC5}.GenerateDebug|x64.Build.0 = Debug|x64
		{EEFA0870-057E-4531-8062-9EE3CD488EC5}.GenerateDebug|x86.ActiveCfg = Debug|Any CPU
		{EEFA0870-057E-4531-8062-9EE3CD488EC5}.Release|Any CPU.ActiveCfg = Release|Any CPU
		{EEFA0870-057E-4531-8062-9EE3CD488EC5}.Release|Any CPU.Build.0 = Release|Any CPU
		{EEFA0870-057E-4531-8062-9EE3CD488EC5}.Release|Mixed Platforms.ActiveCfg = Release|x64
		{EEFA0870-057E-4531-8062-9EE3CD488EC5}.Release|Mixed Platforms.Build.0 = Release|x64
		{EEFA0870-057E-4531-8062-9EE3CD488EC5}.Release|x64.ActiveCfg = Release|x64
		{EEFA0870-057E-4531-8062-9EE3CD488EC5}.Release|x64.Build.0 = Release|x64
		{EEFA0870-057E-4531-8062-9EE3CD488EC5}.Release|x86.ActiveCfg = Release|Any CPU
		{38B1EFE6-73C2-4C8A-A8D9-2C7023015F35}.Debug|Any CPU.ActiveCfg = Debug|Any CPU
		{38B1EFE6-73C2-4C8A-A8D9-2C7023015F35}.Debug|Any CPU.Build.0 = Debug|Any CPU
		{38B1EFE6-73C2-4C8A-A8D9-2C7023015F35}.Debug|Mixed Platforms.ActiveCfg = Debug|Any CPU
		{38B1EFE6-73C2-4C8A-A8D9-2C7023015F35}.Debug|x64.ActiveCfg = Debug|x64
		{38B1EFE6-73C2-4C8A-A8D9-2C7023015F35}.Debug|x64.Build.0 = Debug|x64
		{38B1EFE6-73C2-4C8A-A8D9-2C7023015F35}.Debug|x86.ActiveCfg = Debug|Any CPU
		{38B1EFE6-73C2-4C8A-A8D9-2C7023015F35}.Debug|x86.Build.0 = Debug|Any CPU
		{38B1EFE6-73C2-4C8A-A8D9-2C7023015F35}.GenerateDebug|Any CPU.ActiveCfg = Debug|Any CPU
		{38B1EFE6-73C2-4C8A-A8D9-2C7023015F35}.GenerateDebug|Any CPU.Build.0 = Debug|Any CPU
		{38B1EFE6-73C2-4C8A-A8D9-2C7023015F35}.GenerateDebug|Mixed Platforms.ActiveCfg = Debug|x64
		{38B1EFE6-73C2-4C8A-A8D9-2C7023015F35}.GenerateDebug|Mixed Platforms.Build.0 = Debug|x64
		{38B1EFE6-73C2-4C8A-A8D9-2C7023015F35}.GenerateDebug|x64.ActiveCfg = Debug|x64
		{38B1EFE6-73C2-4C8A-A8D9-2C7023015F35}.GenerateDebug|x64.Build.0 = Debug|x64
		{38B1EFE6-73C2-4C8A-A8D9-2C7023015F35}.GenerateDebug|x86.ActiveCfg = Debug|Any CPU
		{38B1EFE6-73C2-4C8A-A8D9-2C7023015F35}.Release|Any CPU.ActiveCfg = Release|Any CPU
		{38B1EFE6-73C2-4C8A-A8D9-2C7023015F35}.Release|Any CPU.Build.0 = Release|Any CPU
		{38B1EFE6-73C2-4C8A-A8D9-2C7023015F35}.Release|Mixed Platforms.ActiveCfg = Release|x64
		{38B1EFE6-73C2-4C8A-A8D9-2C7023015F35}.Release|Mixed Platforms.Build.0 = Release|x64
		{38B1EFE6-73C2-4C8A-A8D9-2C7023015F35}.Release|x64.ActiveCfg = Release|x64
		{38B1EFE6-73C2-4C8A-A8D9-2C7023015F35}.Release|x64.Build.0 = Release|x64
		{38B1EFE6-73C2-4C8A-A8D9-2C7023015F35}.Release|x86.ActiveCfg = Release|Any CPU
		{F4EABDB2-615A-4568-A3FE-A7DCFA6B21D1}.Debug|Any CPU.ActiveCfg = Debug|Any CPU
		{F4EABDB2-615A-4568-A3FE-A7DCFA6B21D1}.Debug|Any CPU.Build.0 = Debug|Any CPU
		{F4EABDB2-615A-4568-A3FE-A7DCFA6B21D1}.Debug|Mixed Platforms.ActiveCfg = Debug|Any CPU
		{F4EABDB2-615A-4568-A3FE-A7DCFA6B21D1}.Debug|x64.ActiveCfg = Debug|x64
		{F4EABDB2-615A-4568-A3FE-A7DCFA6B21D1}.Debug|x64.Build.0 = Debug|x64
		{F4EABDB2-615A-4568-A3FE-A7DCFA6B21D1}.Debug|x86.ActiveCfg = Debug|Any CPU
		{F4EABDB2-615A-4568-A3FE-A7DCFA6B21D1}.Debug|x86.Build.0 = Debug|Any CPU
		{F4EABDB2-615A-4568-A3FE-A7DCFA6B21D1}.GenerateDebug|Any CPU.ActiveCfg = Debug|Any CPU
		{F4EABDB2-615A-4568-A3FE-A7DCFA6B21D1}.GenerateDebug|Any CPU.Build.0 = Debug|Any CPU
		{F4EABDB2-615A-4568-A3FE-A7DCFA6B21D1}.GenerateDebug|Mixed Platforms.ActiveCfg = Debug|x64
		{F4EABDB2-615A-4568-A3FE-A7DCFA6B21D1}.GenerateDebug|Mixed Platforms.Build.0 = Debug|x64
		{F4EABDB2-615A-4568-A3FE-A7DCFA6B21D1}.GenerateDebug|x64.ActiveCfg = Debug|x64
		{F4EABDB2-615A-4568-A3FE-A7DCFA6B21D1}.GenerateDebug|x64.Build.0 = Debug|x64
		{F4EABDB2-615A-4568-A3FE-A7DCFA6B21D1}.GenerateDebug|x86.ActiveCfg = Debug|Any CPU
		{F4EABDB2-615A-4568-A3FE-A7DCFA6B21D1}.Release|Any CPU.ActiveCfg = Release|Any CPU
		{F4EABDB2-615A-4568-A3FE-A7DCFA6B21D1}.Release|Any CPU.Build.0 = Release|Any CPU
		{F4EABDB2-615A-4568-A3FE-A7DCFA6B21D1}.Release|Mixed Platforms.ActiveCfg = Release|x64
		{F4EABDB2-615A-4568-A3FE-A7DCFA6B21D1}.Release|Mixed Platforms.Build.0 = Release|x64
		{F4EABDB2-615A-4568-A3FE-A7DCFA6B21D1}.Release|x64.ActiveCfg = Release|x64
		{F4EABDB2-615A-4568-A3FE-A7DCFA6B21D1}.Release|x64.Build.0 = Release|x64
		{F4EABDB2-615A-4568-A3FE-A7DCFA6B21D1}.Release|x86.ActiveCfg = Release|Any CPU
		{622095A1-6BE3-4E50-AF63-7AC30A5A6196}.Debug|Any CPU.ActiveCfg = Debug|Any CPU
		{622095A1-6BE3-4E50-AF63-7AC30A5A6196}.Debug|Any CPU.Build.0 = Debug|Any CPU
		{622095A1-6BE3-4E50-AF63-7AC30A5A6196}.Debug|Mixed Platforms.ActiveCfg = Debug|Any CPU
		{622095A1-6BE3-4E50-AF63-7AC30A5A6196}.Debug|x64.ActiveCfg = Debug|x64
		{622095A1-6BE3-4E50-AF63-7AC30A5A6196}.Debug|x64.Build.0 = Debug|x64
		{622095A1-6BE3-4E50-AF63-7AC30A5A6196}.Debug|x86.ActiveCfg = Debug|Any CPU
		{622095A1-6BE3-4E50-AF63-7AC30A5A6196}.Debug|x86.Build.0 = Debug|Any CPU
		{622095A1-6BE3-4E50-AF63-7AC30A5A6196}.GenerateDebug|Any CPU.ActiveCfg = Debug|Any CPU
		{622095A1-6BE3-4E50-AF63-7AC30A5A6196}.GenerateDebug|Any CPU.Build.0 = Debug|Any CPU
		{622095A1-6BE3-4E50-AF63-7AC30A5A6196}.GenerateDebug|Mixed Platforms.ActiveCfg = Debug|x64
		{622095A1-6BE3-4E50-AF63-7AC30A5A6196}.GenerateDebug|Mixed Platforms.Build.0 = Debug|x64
		{622095A1-6BE3-4E50-AF63-7AC30A5A6196}.GenerateDebug|x64.ActiveCfg = Debug|x64
		{622095A1-6BE3-4E50-AF63-7AC30A5A6196}.GenerateDebug|x64.Build.0 = Debug|x64
		{622095A1-6BE3-4E50-AF63-7AC30A5A6196}.GenerateDebug|x86.ActiveCfg = Debug|Any CPU
		{622095A1-6BE3-4E50-AF63-7AC30A5A6196}.Release|Any CPU.ActiveCfg = Release|Any CPU
		{622095A1-6BE3-4E50-AF63-7AC30A5A6196}.Release|Any CPU.Build.0 = Release|Any CPU
		{622095A1-6BE3-4E50-AF63-7AC30A5A6196}.Release|Mixed Platforms.ActiveCfg = Release|x64
		{622095A1-6BE3-4E50-AF63-7AC30A5A6196}.Release|Mixed Platforms.Build.0 = Release|x64
		{622095A1-6BE3-4E50-AF63-7AC30A5A6196}.Release|x64.ActiveCfg = Release|x64
		{622095A1-6BE3-4E50-AF63-7AC30A5A6196}.Release|x64.Build.0 = Release|x64
		{622095A1-6BE3-4E50-AF63-7AC30A5A6196}.Release|x86.ActiveCfg = Release|Any CPU
		{0D5C786F-38C6-45D3-8A9B-AB3C1DF876EE}.Debug|Any CPU.ActiveCfg = Debug|Any CPU
		{0D5C786F-38C6-45D3-8A9B-AB3C1DF876EE}.Debug|Any CPU.Build.0 = Debug|Any CPU
		{0D5C786F-38C6-45D3-8A9B-AB3C1DF876EE}.Debug|Mixed Platforms.ActiveCfg = Debug|Any CPU
		{0D5C786F-38C6-45D3-8A9B-AB3C1DF876EE}.Debug|x64.ActiveCfg = Debug|x64
		{0D5C786F-38C6-45D3-8A9B-AB3C1DF876EE}.Debug|x64.Build.0 = Debug|x64
		{0D5C786F-38C6-45D3-8A9B-AB3C1DF876EE}.Debug|x86.ActiveCfg = Debug|Any CPU
		{0D5C786F-38C6-45D3-8A9B-AB3C1DF876EE}.Debug|x86.Build.0 = Debug|Any CPU
		{0D5C786F-38C6-45D3-8A9B-AB3C1DF876EE}.GenerateDebug|Any CPU.ActiveCfg = Debug|Any CPU
		{0D5C786F-38C6-45D3-8A9B-AB3C1DF876EE}.GenerateDebug|Any CPU.Build.0 = Debug|Any CPU
		{0D5C786F-38C6-45D3-8A9B-AB3C1DF876EE}.GenerateDebug|Mixed Platforms.ActiveCfg = Debug|x64
		{0D5C786F-38C6-45D3-8A9B-AB3C1DF876EE}.GenerateDebug|Mixed Platforms.Build.0 = Debug|x64
		{0D5C786F-38C6-45D3-8A9B-AB3C1DF876EE}.GenerateDebug|x64.ActiveCfg = Debug|x64
		{0D5C786F-38C6-45D3-8A9B-AB3C1DF876EE}.GenerateDebug|x64.Build.0 = Debug|x64
		{0D5C786F-38C6-45D3-8A9B-AB3C1DF876EE}.GenerateDebug|x86.ActiveCfg = Debug|Any CPU
		{0D5C786F-38C6-45D3-8A9B-AB3C1DF876EE}.Release|Any CPU.ActiveCfg = Release|Any CPU
		{0D5C786F-38C6-45D3-8A9B-AB3C1DF876EE}.Release|Any CPU.Build.0 = Release|Any CPU
		{0D5C786F-38C6-45D3-8A9B-AB3C1DF876EE}.Release|Mixed Platforms.ActiveCfg = Release|x64
		{0D5C786F-38C6-45D3-8A9B-AB3C1DF876EE}.Release|Mixed Platforms.Build.0 = Release|x64
		{0D5C786F-38C6-45D3-8A9B-AB3C1DF876EE}.Release|x64.ActiveCfg = Release|x64
		{0D5C786F-38C6-45D3-8A9B-AB3C1DF876EE}.Release|x64.Build.0 = Release|x64
		{0D5C786F-38C6-45D3-8A9B-AB3C1DF876EE}.Release|x86.ActiveCfg = Release|Any CPU
		{94CA9881-AB26-4D27-B97A-C75BE8A01B1D}.Debug|Any CPU.ActiveCfg = Debug|Any CPU
		{94CA9881-AB26-4D27-B97A-C75BE8A01B1D}.Debug|Any CPU.Build.0 = Debug|Any CPU
		{94CA9881-AB26-4D27-B97A-C75BE8A01B1D}.Debug|Mixed Platforms.ActiveCfg = Debug|Any CPU
		{94CA9881-AB26-4D27-B97A-C75BE8A01B1D}.Debug|x64.ActiveCfg = Debug|x64
		{94CA9881-AB26-4D27-B97A-C75BE8A01B1D}.Debug|x64.Build.0 = Debug|x64
		{94CA9881-AB26-4D27-B97A-C75BE8A01B1D}.Debug|x86.ActiveCfg = Debug|Any CPU
		{94CA9881-AB26-4D27-B97A-C75BE8A01B1D}.Debug|x86.Build.0 = Debug|Any CPU
		{94CA9881-AB26-4D27-B97A-C75BE8A01B1D}.GenerateDebug|Any CPU.ActiveCfg = Debug|Any CPU
		{94CA9881-AB26-4D27-B97A-C75BE8A01B1D}.GenerateDebug|Any CPU.Build.0 = Debug|Any CPU
		{94CA9881-AB26-4D27-B97A-C75BE8A01B1D}.GenerateDebug|Mixed Platforms.ActiveCfg = Debug|x64
		{94CA9881-AB26-4D27-B97A-C75BE8A01B1D}.GenerateDebug|Mixed Platforms.Build.0 = Debug|x64
		{94CA9881-AB26-4D27-B97A-C75BE8A01B1D}.GenerateDebug|x64.ActiveCfg = Debug|x64
		{94CA9881-AB26-4D27-B97A-C75BE8A01B1D}.GenerateDebug|x64.Build.0 = Debug|x64
		{94CA9881-AB26-4D27-B97A-C75BE8A01B1D}.GenerateDebug|x86.ActiveCfg = Debug|Any CPU
		{94CA9881-AB26-4D27-B97A-C75BE8A01B1D}.Release|Any CPU.ActiveCfg = Release|Any CPU
		{94CA9881-AB26-4D27-B97A-C75BE8A01B1D}.Release|Any CPU.Build.0 = Release|Any CPU
		{94CA9881-AB26-4D27-B97A-C75BE8A01B1D}.Release|Mixed Platforms.ActiveCfg = Release|x64
		{94CA9881-AB26-4D27-B97A-C75BE8A01B1D}.Release|Mixed Platforms.Build.0 = Release|x64
		{94CA9881-AB26-4D27-B97A-C75BE8A01B1D}.Release|x64.ActiveCfg = Release|x64
		{94CA9881-AB26-4D27-B97A-C75BE8A01B1D}.Release|x64.Build.0 = Release|x64
		{94CA9881-AB26-4D27-B97A-C75BE8A01B1D}.Release|x86.ActiveCfg = Release|Any CPU
		{ECFFBD39-64EE-4071-B6E8-5EAF7C5DAF34}.Debug|Any CPU.ActiveCfg = Debug|Any CPU
		{ECFFBD39-64EE-4071-B6E8-5EAF7C5DAF34}.Debug|Any CPU.Build.0 = Debug|Any CPU
		{ECFFBD39-64EE-4071-B6E8-5EAF7C5DAF34}.Debug|Mixed Platforms.ActiveCfg = Debug|Any CPU
		{ECFFBD39-64EE-4071-B6E8-5EAF7C5DAF34}.Debug|x64.ActiveCfg = Debug|x64
		{ECFFBD39-64EE-4071-B6E8-5EAF7C5DAF34}.Debug|x64.Build.0 = Debug|x64
		{ECFFBD39-64EE-4071-B6E8-5EAF7C5DAF34}.Debug|x86.ActiveCfg = Debug|Any CPU
		{ECFFBD39-64EE-4071-B6E8-5EAF7C5DAF34}.Debug|x86.Build.0 = Debug|Any CPU
		{ECFFBD39-64EE-4071-B6E8-5EAF7C5DAF34}.GenerateDebug|Any CPU.ActiveCfg = Debug|Any CPU
		{ECFFBD39-64EE-4071-B6E8-5EAF7C5DAF34}.GenerateDebug|Any CPU.Build.0 = Debug|Any CPU
		{ECFFBD39-64EE-4071-B6E8-5EAF7C5DAF34}.GenerateDebug|Mixed Platforms.ActiveCfg = Debug|x64
		{ECFFBD39-64EE-4071-B6E8-5EAF7C5DAF34}.GenerateDebug|Mixed Platforms.Build.0 = Debug|x64
		{ECFFBD39-64EE-4071-B6E8-5EAF7C5DAF34}.GenerateDebug|x64.ActiveCfg = Debug|x64
		{ECFFBD39-64EE-4071-B6E8-5EAF7C5DAF34}.GenerateDebug|x64.Build.0 = Debug|x64
		{ECFFBD39-64EE-4071-B6E8-5EAF7C5DAF34}.GenerateDebug|x86.ActiveCfg = Debug|Any CPU
		{ECFFBD39-64EE-4071-B6E8-5EAF7C5DAF34}.Release|Any CPU.ActiveCfg = Release|Any CPU
		{ECFFBD39-64EE-4071-B6E8-5EAF7C5DAF34}.Release|Any CPU.Build.0 = Release|Any CPU
		{ECFFBD39-64EE-4071-B6E8-5EAF7C5DAF34}.Release|Mixed Platforms.ActiveCfg = Release|x64
		{ECFFBD39-64EE-4071-B6E8-5EAF7C5DAF34}.Release|Mixed Platforms.Build.0 = Release|x64
		{ECFFBD39-64EE-4071-B6E8-5EAF7C5DAF34}.Release|x64.ActiveCfg = Release|x64
		{ECFFBD39-64EE-4071-B6E8-5EAF7C5DAF34}.Release|x64.Build.0 = Release|x64
		{ECFFBD39-64EE-4071-B6E8-5EAF7C5DAF34}.Release|x86.ActiveCfg = Release|Any CPU
		{D4DF3A05-5452-4930-9D03-1EA7E0EBE731}.Debug|Any CPU.ActiveCfg = Debug|Any CPU
		{D4DF3A05-5452-4930-9D03-1EA7E0EBE731}.Debug|Any CPU.Build.0 = Debug|Any CPU
		{D4DF3A05-5452-4930-9D03-1EA7E0EBE731}.Debug|Mixed Platforms.ActiveCfg = Debug|Any CPU
		{D4DF3A05-5452-4930-9D03-1EA7E0EBE731}.Debug|x64.ActiveCfg = Debug|x64
		{D4DF3A05-5452-4930-9D03-1EA7E0EBE731}.Debug|x64.Build.0 = Debug|x64
		{D4DF3A05-5452-4930-9D03-1EA7E0EBE731}.Debug|x86.ActiveCfg = Debug|Any CPU
		{D4DF3A05-5452-4930-9D03-1EA7E0EBE731}.Debug|x86.Build.0 = Debug|Any CPU
		{D4DF3A05-5452-4930-9D03-1EA7E0EBE731}.GenerateDebug|Any CPU.ActiveCfg = Debug|Any CPU
		{D4DF3A05-5452-4930-9D03-1EA7E0EBE731}.GenerateDebug|Any CPU.Build.0 = Debug|Any CPU
		{D4DF3A05-5452-4930-9D03-1EA7E0EBE731}.GenerateDebug|Mixed Platforms.ActiveCfg = Debug|x64
		{D4DF3A05-5452-4930-9D03-1EA7E0EBE731}.GenerateDebug|Mixed Platforms.Build.0 = Debug|x64
		{D4DF3A05-5452-4930-9D03-1EA7E0EBE731}.GenerateDebug|x64.ActiveCfg = Debug|x64
		{D4DF3A05-5452-4930-9D03-1EA7E0EBE731}.GenerateDebug|x64.Build.0 = Debug|x64
		{D4DF3A05-5452-4930-9D03-1EA7E0EBE731}.GenerateDebug|x86.ActiveCfg = Debug|Any CPU
		{D4DF3A05-5452-4930-9D03-1EA7E0EBE731}.Release|Any CPU.ActiveCfg = Release|Any CPU
		{D4DF3A05-5452-4930-9D03-1EA7E0EBE731}.Release|Any CPU.Build.0 = Release|Any CPU
		{D4DF3A05-5452-4930-9D03-1EA7E0EBE731}.Release|Mixed Platforms.ActiveCfg = Release|x64
		{D4DF3A05-5452-4930-9D03-1EA7E0EBE731}.Release|Mixed Platforms.Build.0 = Release|x64
		{D4DF3A05-5452-4930-9D03-1EA7E0EBE731}.Release|x64.ActiveCfg = Release|x64
		{D4DF3A05-5452-4930-9D03-1EA7E0EBE731}.Release|x64.Build.0 = Release|x64
		{D4DF3A05-5452-4930-9D03-1EA7E0EBE731}.Release|x86.ActiveCfg = Release|Any CPU
		{D2445615-1C60-4C57-9918-D837016D9F8D}.Debug|Any CPU.ActiveCfg = Debug|Any CPU
		{D2445615-1C60-4C57-9918-D837016D9F8D}.Debug|Any CPU.Build.0 = Debug|Any CPU
		{D2445615-1C60-4C57-9918-D837016D9F8D}.Debug|Mixed Platforms.ActiveCfg = Debug|Any CPU
		{D2445615-1C60-4C57-9918-D837016D9F8D}.Debug|x64.ActiveCfg = Debug|x64
		{D2445615-1C60-4C57-9918-D837016D9F8D}.Debug|x64.Build.0 = Debug|x64
		{D2445615-1C60-4C57-9918-D837016D9F8D}.Debug|x86.ActiveCfg = Debug|Any CPU
		{D2445615-1C60-4C57-9918-D837016D9F8D}.Debug|x86.Build.0 = Debug|Any CPU
		{D2445615-1C60-4C57-9918-D837016D9F8D}.GenerateDebug|Any CPU.ActiveCfg = Debug|Any CPU
		{D2445615-1C60-4C57-9918-D837016D9F8D}.GenerateDebug|Any CPU.Build.0 = Debug|Any CPU
		{D2445615-1C60-4C57-9918-D837016D9F8D}.GenerateDebug|Mixed Platforms.ActiveCfg = Debug|x64
		{D2445615-1C60-4C57-9918-D837016D9F8D}.GenerateDebug|Mixed Platforms.Build.0 = Debug|x64
		{D2445615-1C60-4C57-9918-D837016D9F8D}.GenerateDebug|x64.ActiveCfg = Debug|x64
		{D2445615-1C60-4C57-9918-D837016D9F8D}.GenerateDebug|x64.Build.0 = Debug|x64
		{D2445615-1C60-4C57-9918-D837016D9F8D}.GenerateDebug|x86.ActiveCfg = Debug|Any CPU
		{D2445615-1C60-4C57-9918-D837016D9F8D}.Release|Any CPU.ActiveCfg = Release|Any CPU
		{D2445615-1C60-4C57-9918-D837016D9F8D}.Release|Any CPU.Build.0 = Release|Any CPU
		{D2445615-1C60-4C57-9918-D837016D9F8D}.Release|Mixed Platforms.ActiveCfg = Release|x64
		{D2445615-1C60-4C57-9918-D837016D9F8D}.Release|Mixed Platforms.Build.0 = Release|x64
		{D2445615-1C60-4C57-9918-D837016D9F8D}.Release|x64.ActiveCfg = Release|x64
		{D2445615-1C60-4C57-9918-D837016D9F8D}.Release|x64.Build.0 = Release|x64
		{D2445615-1C60-4C57-9918-D837016D9F8D}.Release|x86.ActiveCfg = Release|Any CPU
		{F44AB3CD-19E3-43C4-B52F-C279E44E845D}.Debug|Any CPU.ActiveCfg = Debug|Any CPU
		{F44AB3CD-19E3-43C4-B52F-C279E44E845D}.Debug|Any CPU.Build.0 = Debug|Any CPU
		{F44AB3CD-19E3-43C4-B52F-C279E44E845D}.Debug|Mixed Platforms.ActiveCfg = Debug|Any CPU
		{F44AB3CD-19E3-43C4-B52F-C279E44E845D}.Debug|x64.ActiveCfg = Debug|x64
		{F44AB3CD-19E3-43C4-B52F-C279E44E845D}.Debug|x64.Build.0 = Debug|x64
		{F44AB3CD-19E3-43C4-B52F-C279E44E845D}.Debug|x86.ActiveCfg = Debug|Any CPU
		{F44AB3CD-19E3-43C4-B52F-C279E44E845D}.Debug|x86.Build.0 = Debug|Any CPU
		{F44AB3CD-19E3-43C4-B52F-C279E44E845D}.GenerateDebug|Any CPU.ActiveCfg = Debug|Any CPU
		{F44AB3CD-19E3-43C4-B52F-C279E44E845D}.GenerateDebug|Any CPU.Build.0 = Debug|Any CPU
		{F44AB3CD-19E3-43C4-B52F-C279E44E845D}.GenerateDebug|Mixed Platforms.ActiveCfg = Debug|x64
		{F44AB3CD-19E3-43C4-B52F-C279E44E845D}.GenerateDebug|Mixed Platforms.Build.0 = Debug|x64
		{F44AB3CD-19E3-43C4-B52F-C279E44E845D}.GenerateDebug|x64.ActiveCfg = Debug|x64
		{F44AB3CD-19E3-43C4-B52F-C279E44E845D}.GenerateDebug|x64.Build.0 = Debug|x64
		{F44AB3CD-19E3-43C4-B52F-C279E44E845D}.GenerateDebug|x86.ActiveCfg = Debug|Any CPU
		{F44AB3CD-19E3-43C4-B52F-C279E44E845D}.Release|Any CPU.ActiveCfg = Release|Any CPU
		{F44AB3CD-19E3-43C4-B52F-C279E44E845D}.Release|Any CPU.Build.0 = Release|Any CPU
		{F44AB3CD-19E3-43C4-B52F-C279E44E845D}.Release|Mixed Platforms.ActiveCfg = Release|x64
		{F44AB3CD-19E3-43C4-B52F-C279E44E845D}.Release|Mixed Platforms.Build.0 = Release|x64
		{F44AB3CD-19E3-43C4-B52F-C279E44E845D}.Release|x64.ActiveCfg = Release|x64
		{F44AB3CD-19E3-43C4-B52F-C279E44E845D}.Release|x64.Build.0 = Release|x64
		{F44AB3CD-19E3-43C4-B52F-C279E44E845D}.Release|x86.ActiveCfg = Release|Any CPU
		{18D120D0-B21F-4C08-9024-8FEA8069FF84}.Debug|Any CPU.ActiveCfg = Debug|Any CPU
		{18D120D0-B21F-4C08-9024-8FEA8069FF84}.Debug|Any CPU.Build.0 = Debug|Any CPU
		{18D120D0-B21F-4C08-9024-8FEA8069FF84}.Debug|Mixed Platforms.ActiveCfg = Debug|Any CPU
		{18D120D0-B21F-4C08-9024-8FEA8069FF84}.Debug|x64.ActiveCfg = Debug|x64
		{18D120D0-B21F-4C08-9024-8FEA8069FF84}.Debug|x64.Build.0 = Debug|x64
		{18D120D0-B21F-4C08-9024-8FEA8069FF84}.Debug|x86.ActiveCfg = Debug|Any CPU
		{18D120D0-B21F-4C08-9024-8FEA8069FF84}.Debug|x86.Build.0 = Debug|Any CPU
		{18D120D0-B21F-4C08-9024-8FEA8069FF84}.GenerateDebug|Any CPU.ActiveCfg = Debug|Any CPU
		{18D120D0-B21F-4C08-9024-8FEA8069FF84}.GenerateDebug|Any CPU.Build.0 = Debug|Any CPU
		{18D120D0-B21F-4C08-9024-8FEA8069FF84}.GenerateDebug|Mixed Platforms.ActiveCfg = Debug|x64
		{18D120D0-B21F-4C08-9024-8FEA8069FF84}.GenerateDebug|Mixed Platforms.Build.0 = Debug|x64
		{18D120D0-B21F-4C08-9024-8FEA8069FF84}.GenerateDebug|x64.ActiveCfg = Debug|x64
		{18D120D0-B21F-4C08-9024-8FEA8069FF84}.GenerateDebug|x64.Build.0 = Debug|x64
		{18D120D0-B21F-4C08-9024-8FEA8069FF84}.GenerateDebug|x86.ActiveCfg = Debug|Any CPU
		{18D120D0-B21F-4C08-9024-8FEA8069FF84}.Release|Any CPU.ActiveCfg = Release|Any CPU
		{18D120D0-B21F-4C08-9024-8FEA8069FF84}.Release|Any CPU.Build.0 = Release|Any CPU
		{18D120D0-B21F-4C08-9024-8FEA8069FF84}.Release|Mixed Platforms.ActiveCfg = Release|x64
		{18D120D0-B21F-4C08-9024-8FEA8069FF84}.Release|Mixed Platforms.Build.0 = Release|x64
		{18D120D0-B21F-4C08-9024-8FEA8069FF84}.Release|x64.ActiveCfg = Release|x64
		{18D120D0-B21F-4C08-9024-8FEA8069FF84}.Release|x64.Build.0 = Release|x64
		{18D120D0-B21F-4C08-9024-8FEA8069FF84}.Release|x86.ActiveCfg = Release|Any CPU
		{50CEE2C5-6C26-4093-A5AA-114C455E2223}.Debug|Any CPU.ActiveCfg = Debug|Any CPU
		{50CEE2C5-6C26-4093-A5AA-114C455E2223}.Debug|Any CPU.Build.0 = Debug|Any CPU
		{50CEE2C5-6C26-4093-A5AA-114C455E2223}.Debug|Mixed Platforms.ActiveCfg = Debug|Any CPU
		{50CEE2C5-6C26-4093-A5AA-114C455E2223}.Debug|x64.ActiveCfg = Debug|x64
		{50CEE2C5-6C26-4093-A5AA-114C455E2223}.Debug|x64.Build.0 = Debug|x64
		{50CEE2C5-6C26-4093-A5AA-114C455E2223}.Debug|x86.ActiveCfg = Debug|Any CPU
		{50CEE2C5-6C26-4093-A5AA-114C455E2223}.Debug|x86.Build.0 = Debug|Any CPU
		{50CEE2C5-6C26-4093-A5AA-114C455E2223}.GenerateDebug|Any CPU.ActiveCfg = Debug|Any CPU
		{50CEE2C5-6C26-4093-A5AA-114C455E2223}.GenerateDebug|Any CPU.Build.0 = Debug|Any CPU
		{50CEE2C5-6C26-4093-A5AA-114C455E2223}.GenerateDebug|Mixed Platforms.ActiveCfg = Debug|x64
		{50CEE2C5-6C26-4093-A5AA-114C455E2223}.GenerateDebug|Mixed Platforms.Build.0 = Debug|x64
		{50CEE2C5-6C26-4093-A5AA-114C455E2223}.GenerateDebug|x64.ActiveCfg = Debug|x64
		{50CEE2C5-6C26-4093-A5AA-114C455E2223}.GenerateDebug|x64.Build.0 = Debug|x64
		{50CEE2C5-6C26-4093-A5AA-114C455E2223}.GenerateDebug|x86.ActiveCfg = Debug|Any CPU
		{50CEE2C5-6C26-4093-A5AA-114C455E2223}.Release|Any CPU.ActiveCfg = Release|Any CPU
		{50CEE2C5-6C26-4093-A5AA-114C455E2223}.Release|Any CPU.Build.0 = Release|Any CPU
		{50CEE2C5-6C26-4093-A5AA-114C455E2223}.Release|Mixed Platforms.ActiveCfg = Release|x64
		{50CEE2C5-6C26-4093-A5AA-114C455E2223}.Release|Mixed Platforms.Build.0 = Release|x64
		{50CEE2C5-6C26-4093-A5AA-114C455E2223}.Release|x64.ActiveCfg = Release|x64
		{50CEE2C5-6C26-4093-A5AA-114C455E2223}.Release|x64.Build.0 = Release|x64
		{50CEE2C5-6C26-4093-A5AA-114C455E2223}.Release|x86.ActiveCfg = Release|Any CPU
		{A994128B-10EC-4C61-8804-7F38984EDF63}.Debug|Any CPU.ActiveCfg = Debug|Any CPU
		{A994128B-10EC-4C61-8804-7F38984EDF63}.Debug|Any CPU.Build.0 = Debug|Any CPU
		{A994128B-10EC-4C61-8804-7F38984EDF63}.Debug|Mixed Platforms.ActiveCfg = Debug|Any CPU
		{A994128B-10EC-4C61-8804-7F38984EDF63}.Debug|x64.ActiveCfg = Debug|x64
		{A994128B-10EC-4C61-8804-7F38984EDF63}.Debug|x64.Build.0 = Debug|x64
		{A994128B-10EC-4C61-8804-7F38984EDF63}.Debug|x86.ActiveCfg = Debug|Any CPU
		{A994128B-10EC-4C61-8804-7F38984EDF63}.Debug|x86.Build.0 = Debug|Any CPU
		{A994128B-10EC-4C61-8804-7F38984EDF63}.GenerateDebug|Any CPU.ActiveCfg = Debug|Any CPU
		{A994128B-10EC-4C61-8804-7F38984EDF63}.GenerateDebug|Any CPU.Build.0 = Debug|Any CPU
		{A994128B-10EC-4C61-8804-7F38984EDF63}.GenerateDebug|Mixed Platforms.ActiveCfg = Debug|x64
		{A994128B-10EC-4C61-8804-7F38984EDF63}.GenerateDebug|Mixed Platforms.Build.0 = Debug|x64
		{A994128B-10EC-4C61-8804-7F38984EDF63}.GenerateDebug|x64.ActiveCfg = Debug|x64
		{A994128B-10EC-4C61-8804-7F38984EDF63}.GenerateDebug|x64.Build.0 = Debug|x64
		{A994128B-10EC-4C61-8804-7F38984EDF63}.GenerateDebug|x86.ActiveCfg = Debug|Any CPU
		{A994128B-10EC-4C61-8804-7F38984EDF63}.Release|Any CPU.ActiveCfg = Release|Any CPU
		{A994128B-10EC-4C61-8804-7F38984EDF63}.Release|Any CPU.Build.0 = Release|Any CPU
		{A994128B-10EC-4C61-8804-7F38984EDF63}.Release|Mixed Platforms.ActiveCfg = Release|x64
		{A994128B-10EC-4C61-8804-7F38984EDF63}.Release|Mixed Platforms.Build.0 = Release|x64
		{A994128B-10EC-4C61-8804-7F38984EDF63}.Release|x64.ActiveCfg = Release|x64
		{A994128B-10EC-4C61-8804-7F38984EDF63}.Release|x64.Build.0 = Release|x64
		{A994128B-10EC-4C61-8804-7F38984EDF63}.Release|x86.ActiveCfg = Release|Any CPU
		{8B41E45A-BB18-4DE3-AD72-6A18FC4B0A40}.Debug|Any CPU.ActiveCfg = Debug|Any CPU
		{8B41E45A-BB18-4DE3-AD72-6A18FC4B0A40}.Debug|Any CPU.Build.0 = Debug|Any CPU
		{8B41E45A-BB18-4DE3-AD72-6A18FC4B0A40}.Debug|Mixed Platforms.ActiveCfg = Debug|Any CPU
		{8B41E45A-BB18-4DE3-AD72-6A18FC4B0A40}.Debug|x64.ActiveCfg = Debug|x64
		{8B41E45A-BB18-4DE3-AD72-6A18FC4B0A40}.Debug|x64.Build.0 = Debug|x64
		{8B41E45A-BB18-4DE3-AD72-6A18FC4B0A40}.Debug|x86.ActiveCfg = Debug|Any CPU
		{8B41E45A-BB18-4DE3-AD72-6A18FC4B0A40}.Debug|x86.Build.0 = Debug|Any CPU
		{8B41E45A-BB18-4DE3-AD72-6A18FC4B0A40}.GenerateDebug|Any CPU.ActiveCfg = Debug|Any CPU
		{8B41E45A-BB18-4DE3-AD72-6A18FC4B0A40}.GenerateDebug|Any CPU.Build.0 = Debug|Any CPU
		{8B41E45A-BB18-4DE3-AD72-6A18FC4B0A40}.GenerateDebug|Mixed Platforms.ActiveCfg = Debug|x64
		{8B41E45A-BB18-4DE3-AD72-6A18FC4B0A40}.GenerateDebug|Mixed Platforms.Build.0 = Debug|x64
		{8B41E45A-BB18-4DE3-AD72-6A18FC4B0A40}.GenerateDebug|x64.ActiveCfg = Debug|x64
		{8B41E45A-BB18-4DE3-AD72-6A18FC4B0A40}.GenerateDebug|x64.Build.0 = Debug|x64
		{8B41E45A-BB18-4DE3-AD72-6A18FC4B0A40}.GenerateDebug|x86.ActiveCfg = Debug|Any CPU
		{8B41E45A-BB18-4DE3-AD72-6A18FC4B0A40}.Release|Any CPU.ActiveCfg = Release|Any CPU
		{8B41E45A-BB18-4DE3-AD72-6A18FC4B0A40}.Release|Any CPU.Build.0 = Release|Any CPU
		{8B41E45A-BB18-4DE3-AD72-6A18FC4B0A40}.Release|Mixed Platforms.ActiveCfg = Release|x64
		{8B41E45A-BB18-4DE3-AD72-6A18FC4B0A40}.Release|Mixed Platforms.Build.0 = Release|x64
		{8B41E45A-BB18-4DE3-AD72-6A18FC4B0A40}.Release|x64.ActiveCfg = Release|x64
		{8B41E45A-BB18-4DE3-AD72-6A18FC4B0A40}.Release|x64.Build.0 = Release|x64
		{8B41E45A-BB18-4DE3-AD72-6A18FC4B0A40}.Release|x86.ActiveCfg = Release|Any CPU
		{91B54E7E-0EEE-43E5-A217-B43F1CCE08A2}.Debug|Any CPU.ActiveCfg = Debug|Any CPU
		{91B54E7E-0EEE-43E5-A217-B43F1CCE08A2}.Debug|Any CPU.Build.0 = Debug|Any CPU
		{91B54E7E-0EEE-43E5-A217-B43F1CCE08A2}.Debug|Mixed Platforms.ActiveCfg = Debug|Any CPU
		{91B54E7E-0EEE-43E5-A217-B43F1CCE08A2}.Debug|x64.ActiveCfg = Debug|x64
		{91B54E7E-0EEE-43E5-A217-B43F1CCE08A2}.Debug|x64.Build.0 = Debug|x64
		{91B54E7E-0EEE-43E5-A217-B43F1CCE08A2}.Debug|x86.ActiveCfg = Debug|Any CPU
		{91B54E7E-0EEE-43E5-A217-B43F1CCE08A2}.Debug|x86.Build.0 = Debug|Any CPU
		{91B54E7E-0EEE-43E5-A217-B43F1CCE08A2}.GenerateDebug|Any CPU.ActiveCfg = Debug|Any CPU
		{91B54E7E-0EEE-43E5-A217-B43F1CCE08A2}.GenerateDebug|Any CPU.Build.0 = Debug|Any CPU
		{91B54E7E-0EEE-43E5-A217-B43F1CCE08A2}.GenerateDebug|Mixed Platforms.ActiveCfg = Debug|x64
		{91B54E7E-0EEE-43E5-A217-B43F1CCE08A2}.GenerateDebug|Mixed Platforms.Build.0 = Debug|x64
		{91B54E7E-0EEE-43E5-A217-B43F1CCE08A2}.GenerateDebug|x64.ActiveCfg = Debug|x64
		{91B54E7E-0EEE-43E5-A217-B43F1CCE08A2}.GenerateDebug|x64.Build.0 = Debug|x64
		{91B54E7E-0EEE-43E5-A217-B43F1CCE08A2}.GenerateDebug|x86.ActiveCfg = Debug|Any CPU
		{91B54E7E-0EEE-43E5-A217-B43F1CCE08A2}.Release|Any CPU.ActiveCfg = Release|Any CPU
		{91B54E7E-0EEE-43E5-A217-B43F1CCE08A2}.Release|Any CPU.Build.0 = Release|Any CPU
		{91B54E7E-0EEE-43E5-A217-B43F1CCE08A2}.Release|Mixed Platforms.ActiveCfg = Release|x64
		{91B54E7E-0EEE-43E5-A217-B43F1CCE08A2}.Release|Mixed Platforms.Build.0 = Release|x64
		{91B54E7E-0EEE-43E5-A217-B43F1CCE08A2}.Release|x64.ActiveCfg = Release|x64
		{91B54E7E-0EEE-43E5-A217-B43F1CCE08A2}.Release|x64.Build.0 = Release|x64
		{91B54E7E-0EEE-43E5-A217-B43F1CCE08A2}.Release|x86.ActiveCfg = Release|Any CPU
		{0130F09A-5D9C-4A3E-96E3-646B5B8DA8AE}.Debug|Any CPU.ActiveCfg = Debug|Any CPU
		{0130F09A-5D9C-4A3E-96E3-646B5B8DA8AE}.Debug|Any CPU.Build.0 = Debug|Any CPU
		{0130F09A-5D9C-4A3E-96E3-646B5B8DA8AE}.Debug|Mixed Platforms.ActiveCfg = Debug|Any CPU
		{0130F09A-5D9C-4A3E-96E3-646B5B8DA8AE}.Debug|x64.ActiveCfg = Debug|x64
		{0130F09A-5D9C-4A3E-96E3-646B5B8DA8AE}.Debug|x64.Build.0 = Debug|x64
		{0130F09A-5D9C-4A3E-96E3-646B5B8DA8AE}.Debug|x86.ActiveCfg = Debug|Any CPU
		{0130F09A-5D9C-4A3E-96E3-646B5B8DA8AE}.Debug|x86.Build.0 = Debug|Any CPU
		{0130F09A-5D9C-4A3E-96E3-646B5B8DA8AE}.GenerateDebug|Any CPU.ActiveCfg = Debug|Any CPU
		{0130F09A-5D9C-4A3E-96E3-646B5B8DA8AE}.GenerateDebug|Any CPU.Build.0 = Debug|Any CPU
		{0130F09A-5D9C-4A3E-96E3-646B5B8DA8AE}.GenerateDebug|Mixed Platforms.ActiveCfg = Debug|x64
		{0130F09A-5D9C-4A3E-96E3-646B5B8DA8AE}.GenerateDebug|Mixed Platforms.Build.0 = Debug|x64
		{0130F09A-5D9C-4A3E-96E3-646B5B8DA8AE}.GenerateDebug|x64.ActiveCfg = Debug|x64
		{0130F09A-5D9C-4A3E-96E3-646B5B8DA8AE}.GenerateDebug|x64.Build.0 = Debug|x64
		{0130F09A-5D9C-4A3E-96E3-646B5B8DA8AE}.GenerateDebug|x86.ActiveCfg = Debug|Any CPU
		{0130F09A-5D9C-4A3E-96E3-646B5B8DA8AE}.Release|Any CPU.ActiveCfg = Release|Any CPU
		{0130F09A-5D9C-4A3E-96E3-646B5B8DA8AE}.Release|Any CPU.Build.0 = Release|Any CPU
		{0130F09A-5D9C-4A3E-96E3-646B5B8DA8AE}.Release|Mixed Platforms.ActiveCfg = Release|x64
		{0130F09A-5D9C-4A3E-96E3-646B5B8DA8AE}.Release|Mixed Platforms.Build.0 = Release|x64
		{0130F09A-5D9C-4A3E-96E3-646B5B8DA8AE}.Release|x64.ActiveCfg = Release|x64
		{0130F09A-5D9C-4A3E-96E3-646B5B8DA8AE}.Release|x64.Build.0 = Release|x64
		{0130F09A-5D9C-4A3E-96E3-646B5B8DA8AE}.Release|x86.ActiveCfg = Release|Any CPU
		{436D0DD3-E219-489D-B18A-65845312C48D}.Debug|Any CPU.ActiveCfg = Debug|Any CPU
		{436D0DD3-E219-489D-B18A-65845312C48D}.Debug|Any CPU.Build.0 = Debug|Any CPU
		{436D0DD3-E219-489D-B18A-65845312C48D}.Debug|Mixed Platforms.ActiveCfg = Debug|Any CPU
		{436D0DD3-E219-489D-B18A-65845312C48D}.Debug|Mixed Platforms.Build.0 = Debug|Any CPU
		{436D0DD3-E219-489D-B18A-65845312C48D}.Debug|x64.ActiveCfg = Debug|x64
		{436D0DD3-E219-489D-B18A-65845312C48D}.Debug|x64.Build.0 = Debug|x64
		{436D0DD3-E219-489D-B18A-65845312C48D}.Debug|x86.ActiveCfg = Debug|Any CPU
		{436D0DD3-E219-489D-B18A-65845312C48D}.Debug|x86.Build.0 = Debug|Any CPU
		{436D0DD3-E219-489D-B18A-65845312C48D}.GenerateDebug|Any CPU.ActiveCfg = Debug|Any CPU
		{436D0DD3-E219-489D-B18A-65845312C48D}.GenerateDebug|Any CPU.Build.0 = Debug|Any CPU
		{436D0DD3-E219-489D-B18A-65845312C48D}.GenerateDebug|Mixed Platforms.ActiveCfg = Debug|x64
		{436D0DD3-E219-489D-B18A-65845312C48D}.GenerateDebug|Mixed Platforms.Build.0 = Debug|x64
		{436D0DD3-E219-489D-B18A-65845312C48D}.GenerateDebug|x64.ActiveCfg = Debug|x64
		{436D0DD3-E219-489D-B18A-65845312C48D}.GenerateDebug|x64.Build.0 = Debug|x64
		{436D0DD3-E219-489D-B18A-65845312C48D}.GenerateDebug|x86.ActiveCfg = Debug|Any CPU
		{436D0DD3-E219-489D-B18A-65845312C48D}.Release|Any CPU.ActiveCfg = Release|Any CPU
		{436D0DD3-E219-489D-B18A-65845312C48D}.Release|Any CPU.Build.0 = Release|Any CPU
		{436D0DD3-E219-489D-B18A-65845312C48D}.Release|Mixed Platforms.ActiveCfg = Release|x64
		{436D0DD3-E219-489D-B18A-65845312C48D}.Release|Mixed Platforms.Build.0 = Release|x64
		{436D0DD3-E219-489D-B18A-65845312C48D}.Release|x64.ActiveCfg = Release|x64
		{436D0DD3-E219-489D-B18A-65845312C48D}.Release|x64.Build.0 = Release|x64
		{436D0DD3-E219-489D-B18A-65845312C48D}.Release|x86.ActiveCfg = Release|Any CPU
		{45092423-7251-4FFE-983F-9FDE598FC4F2}.Debug|Any CPU.ActiveCfg = Debug|Any CPU
		{45092423-7251-4FFE-983F-9FDE598FC4F2}.Debug|Any CPU.Build.0 = Debug|Any CPU
		{45092423-7251-4FFE-983F-9FDE598FC4F2}.Debug|Mixed Platforms.ActiveCfg = Debug|Any CPU
		{45092423-7251-4FFE-983F-9FDE598FC4F2}.Debug|x64.ActiveCfg = Debug|x64
		{45092423-7251-4FFE-983F-9FDE598FC4F2}.Debug|x64.Build.0 = Debug|x64
		{45092423-7251-4FFE-983F-9FDE598FC4F2}.Debug|x86.ActiveCfg = Debug|Any CPU
		{45092423-7251-4FFE-983F-9FDE598FC4F2}.Debug|x86.Build.0 = Debug|Any CPU
		{45092423-7251-4FFE-983F-9FDE598FC4F2}.GenerateDebug|Any CPU.ActiveCfg = Debug|Any CPU
		{45092423-7251-4FFE-983F-9FDE598FC4F2}.GenerateDebug|Any CPU.Build.0 = Debug|Any CPU
		{45092423-7251-4FFE-983F-9FDE598FC4F2}.GenerateDebug|Mixed Platforms.ActiveCfg = Debug|x64
		{45092423-7251-4FFE-983F-9FDE598FC4F2}.GenerateDebug|Mixed Platforms.Build.0 = Debug|x64
		{45092423-7251-4FFE-983F-9FDE598FC4F2}.GenerateDebug|x64.ActiveCfg = Debug|x64
		{45092423-7251-4FFE-983F-9FDE598FC4F2}.GenerateDebug|x64.Build.0 = Debug|x64
		{45092423-7251-4FFE-983F-9FDE598FC4F2}.GenerateDebug|x86.ActiveCfg = Debug|x64
		{45092423-7251-4FFE-983F-9FDE598FC4F2}.Release|Any CPU.ActiveCfg = Release|Any CPU
		{45092423-7251-4FFE-983F-9FDE598FC4F2}.Release|Any CPU.Build.0 = Release|Any CPU
		{45092423-7251-4FFE-983F-9FDE598FC4F2}.Release|Mixed Platforms.ActiveCfg = Release|x64
		{45092423-7251-4FFE-983F-9FDE598FC4F2}.Release|Mixed Platforms.Build.0 = Release|x64
		{45092423-7251-4FFE-983F-9FDE598FC4F2}.Release|x64.ActiveCfg = Release|x64
		{45092423-7251-4FFE-983F-9FDE598FC4F2}.Release|x64.Build.0 = Release|x64
		{45092423-7251-4FFE-983F-9FDE598FC4F2}.Release|x86.ActiveCfg = Release|x64
		{1FCC8622-0132-4AC4-A532-09EB0F7D5D88}.Debug|Any CPU.ActiveCfg = Debug|Any CPU
		{1FCC8622-0132-4AC4-A532-09EB0F7D5D88}.Debug|Any CPU.Build.0 = Debug|Any CPU
		{1FCC8622-0132-4AC4-A532-09EB0F7D5D88}.Debug|Mixed Platforms.ActiveCfg = Debug|Any CPU
		{1FCC8622-0132-4AC4-A532-09EB0F7D5D88}.Debug|x64.ActiveCfg = Debug|Any CPU
		{1FCC8622-0132-4AC4-A532-09EB0F7D5D88}.Debug|x64.Build.0 = Debug|Any CPU
		{1FCC8622-0132-4AC4-A532-09EB0F7D5D88}.Debug|x86.ActiveCfg = Debug|Any CPU
		{1FCC8622-0132-4AC4-A532-09EB0F7D5D88}.Debug|x86.Build.0 = Debug|Any CPU
		{1FCC8622-0132-4AC4-A532-09EB0F7D5D88}.GenerateDebug|Any CPU.ActiveCfg = Debug|Any CPU
		{1FCC8622-0132-4AC4-A532-09EB0F7D5D88}.GenerateDebug|Any CPU.Build.0 = Debug|Any CPU
		{1FCC8622-0132-4AC4-A532-09EB0F7D5D88}.GenerateDebug|Mixed Platforms.ActiveCfg = Debug|Any CPU
		{1FCC8622-0132-4AC4-A532-09EB0F7D5D88}.GenerateDebug|Mixed Platforms.Build.0 = Debug|Any CPU
		{1FCC8622-0132-4AC4-A532-09EB0F7D5D88}.GenerateDebug|x64.ActiveCfg = Debug|Any CPU
		{1FCC8622-0132-4AC4-A532-09EB0F7D5D88}.GenerateDebug|x86.ActiveCfg = Debug|Any CPU
		{1FCC8622-0132-4AC4-A532-09EB0F7D5D88}.Release|Any CPU.ActiveCfg = Release|Any CPU
		{1FCC8622-0132-4AC4-A532-09EB0F7D5D88}.Release|Any CPU.Build.0 = Release|Any CPU
		{1FCC8622-0132-4AC4-A532-09EB0F7D5D88}.Release|Mixed Platforms.ActiveCfg = Release|Any CPU
		{1FCC8622-0132-4AC4-A532-09EB0F7D5D88}.Release|Mixed Platforms.Build.0 = Release|Any CPU
		{1FCC8622-0132-4AC4-A532-09EB0F7D5D88}.Release|x64.ActiveCfg = Release|Any CPU
		{1FCC8622-0132-4AC4-A532-09EB0F7D5D88}.Release|x86.ActiveCfg = Release|Any CPU
		{75E74FB4-39A7-4287-B926-69498E3F1B10}.Debug|Any CPU.ActiveCfg = Debug|Any CPU
		{75E74FB4-39A7-4287-B926-69498E3F1B10}.Debug|Mixed Platforms.ActiveCfg = Debug|Any CPU
		{75E74FB4-39A7-4287-B926-69498E3F1B10}.Debug|x64.ActiveCfg = Debug|x86
		{75E74FB4-39A7-4287-B926-69498E3F1B10}.Debug|x64.Build.0 = Debug|x86
		{75E74FB4-39A7-4287-B926-69498E3F1B10}.Debug|x86.ActiveCfg = Debug|x86
		{75E74FB4-39A7-4287-B926-69498E3F1B10}.Debug|x86.Build.0 = Debug|x86
		{75E74FB4-39A7-4287-B926-69498E3F1B10}.GenerateDebug|Any CPU.ActiveCfg = Debug|x86
		{75E74FB4-39A7-4287-B926-69498E3F1B10}.GenerateDebug|Mixed Platforms.ActiveCfg = Debug|x86
		{75E74FB4-39A7-4287-B926-69498E3F1B10}.GenerateDebug|Mixed Platforms.Build.0 = Debug|x86
		{75E74FB4-39A7-4287-B926-69498E3F1B10}.GenerateDebug|x64.ActiveCfg = Debug|x86
		{75E74FB4-39A7-4287-B926-69498E3F1B10}.GenerateDebug|x86.ActiveCfg = Debug|x86
		{75E74FB4-39A7-4287-B926-69498E3F1B10}.GenerateDebug|x86.Build.0 = Debug|x86
		{75E74FB4-39A7-4287-B926-69498E3F1B10}.Release|Any CPU.ActiveCfg = Release|Any CPU
		{75E74FB4-39A7-4287-B926-69498E3F1B10}.Release|Any CPU.Build.0 = Release|Any CPU
		{75E74FB4-39A7-4287-B926-69498E3F1B10}.Release|Mixed Platforms.ActiveCfg = Release|x86
		{75E74FB4-39A7-4287-B926-69498E3F1B10}.Release|Mixed Platforms.Build.0 = Release|x86
		{75E74FB4-39A7-4287-B926-69498E3F1B10}.Release|x64.ActiveCfg = Release|x86
		{75E74FB4-39A7-4287-B926-69498E3F1B10}.Release|x86.ActiveCfg = Release|x86
		{75E74FB4-39A7-4287-B926-69498E3F1B10}.Release|x86.Build.0 = Release|x86
		{848C3ABE-35D2-4C58-8942-563A4C4AAA11}.Debug|Any CPU.ActiveCfg = Debug|Any CPU
		{848C3ABE-35D2-4C58-8942-563A4C4AAA11}.Debug|Any CPU.Build.0 = Debug|Any CPU
		{848C3ABE-35D2-4C58-8942-563A4C4AAA11}.Debug|Mixed Platforms.ActiveCfg = Debug|Any CPU
		{848C3ABE-35D2-4C58-8942-563A4C4AAA11}.Debug|x64.ActiveCfg = Debug|x86
		{848C3ABE-35D2-4C58-8942-563A4C4AAA11}.Debug|x86.ActiveCfg = Debug|x86
		{848C3ABE-35D2-4C58-8942-563A4C4AAA11}.Debug|x86.Build.0 = Debug|x86
		{848C3ABE-35D2-4C58-8942-563A4C4AAA11}.GenerateDebug|Any CPU.ActiveCfg = Debug|Any CPU
		{848C3ABE-35D2-4C58-8942-563A4C4AAA11}.GenerateDebug|Any CPU.Build.0 = Debug|Any CPU
		{848C3ABE-35D2-4C58-8942-563A4C4AAA11}.GenerateDebug|Mixed Platforms.ActiveCfg = Debug|Any CPU
		{848C3ABE-35D2-4C58-8942-563A4C4AAA11}.GenerateDebug|Mixed Platforms.Build.0 = Debug|Any CPU
		{848C3ABE-35D2-4C58-8942-563A4C4AAA11}.GenerateDebug|x64.ActiveCfg = Debug|Any CPU
		{848C3ABE-35D2-4C58-8942-563A4C4AAA11}.GenerateDebug|x86.ActiveCfg = Debug|x86
		{848C3ABE-35D2-4C58-8942-563A4C4AAA11}.GenerateDebug|x86.Build.0 = Debug|x86
		{848C3ABE-35D2-4C58-8942-563A4C4AAA11}.Release|Any CPU.ActiveCfg = Release|Any CPU
		{848C3ABE-35D2-4C58-8942-563A4C4AAA11}.Release|Any CPU.Build.0 = Release|Any CPU
		{848C3ABE-35D2-4C58-8942-563A4C4AAA11}.Release|Mixed Platforms.ActiveCfg = Release|Any CPU
		{848C3ABE-35D2-4C58-8942-563A4C4AAA11}.Release|Mixed Platforms.Build.0 = Release|Any CPU
		{848C3ABE-35D2-4C58-8942-563A4C4AAA11}.Release|x64.ActiveCfg = Release|x86
		{848C3ABE-35D2-4C58-8942-563A4C4AAA11}.Release|x86.ActiveCfg = Release|x86
		{848C3ABE-35D2-4C58-8942-563A4C4AAA11}.Release|x86.Build.0 = Release|x86
		{3075951F-BB06-4342-9DED-484EC37DF075}.Debug|Any CPU.ActiveCfg = Debug|Any CPU
		{3075951F-BB06-4342-9DED-484EC37DF075}.Debug|Any CPU.Build.0 = Debug|Any CPU
		{3075951F-BB06-4342-9DED-484EC37DF075}.Debug|Mixed Platforms.ActiveCfg = Debug|Any CPU
		{3075951F-BB06-4342-9DED-484EC37DF075}.Debug|x64.ActiveCfg = Debug|x86
		{3075951F-BB06-4342-9DED-484EC37DF075}.Debug|x86.ActiveCfg = Debug|x86
		{3075951F-BB06-4342-9DED-484EC37DF075}.Debug|x86.Build.0 = Debug|x86
		{3075951F-BB06-4342-9DED-484EC37DF075}.GenerateDebug|Any CPU.ActiveCfg = Debug|Any CPU
		{3075951F-BB06-4342-9DED-484EC37DF075}.GenerateDebug|Any CPU.Build.0 = Debug|Any CPU
		{3075951F-BB06-4342-9DED-484EC37DF075}.GenerateDebug|Mixed Platforms.ActiveCfg = Debug|Any CPU
		{3075951F-BB06-4342-9DED-484EC37DF075}.GenerateDebug|Mixed Platforms.Build.0 = Debug|Any CPU
		{3075951F-BB06-4342-9DED-484EC37DF075}.GenerateDebug|x64.ActiveCfg = Debug|Any CPU
		{3075951F-BB06-4342-9DED-484EC37DF075}.GenerateDebug|x86.ActiveCfg = Debug|x86
		{3075951F-BB06-4342-9DED-484EC37DF075}.GenerateDebug|x86.Build.0 = Debug|x86
		{3075951F-BB06-4342-9DED-484EC37DF075}.Release|Any CPU.ActiveCfg = Release|Any CPU
		{3075951F-BB06-4342-9DED-484EC37DF075}.Release|Any CPU.Build.0 = Release|Any CPU
		{3075951F-BB06-4342-9DED-484EC37DF075}.Release|Mixed Platforms.ActiveCfg = Release|Any CPU
		{3075951F-BB06-4342-9DED-484EC37DF075}.Release|Mixed Platforms.Build.0 = Release|Any CPU
		{3075951F-BB06-4342-9DED-484EC37DF075}.Release|x64.ActiveCfg = Release|x86
		{3075951F-BB06-4342-9DED-484EC37DF075}.Release|x86.ActiveCfg = Release|x86
		{3075951F-BB06-4342-9DED-484EC37DF075}.Release|x86.Build.0 = Release|x86
		{B9015AC5-CAD7-4644-8A8D-47E2B775B78A}.Debug|Any CPU.ActiveCfg = Debug|Any CPU
		{B9015AC5-CAD7-4644-8A8D-47E2B775B78A}.Debug|Any CPU.Build.0 = Debug|Any CPU
		{B9015AC5-CAD7-4644-8A8D-47E2B775B78A}.Debug|Mixed Platforms.ActiveCfg = Debug|Any CPU
		{B9015AC5-CAD7-4644-8A8D-47E2B775B78A}.Debug|x64.ActiveCfg = Debug|Any CPU
		{B9015AC5-CAD7-4644-8A8D-47E2B775B78A}.Debug|x86.ActiveCfg = Debug|Any CPU
		{B9015AC5-CAD7-4644-8A8D-47E2B775B78A}.Debug|x86.Build.0 = Debug|Any CPU
		{B9015AC5-CAD7-4644-8A8D-47E2B775B78A}.GenerateDebug|Any CPU.ActiveCfg = Debug|Any CPU
		{B9015AC5-CAD7-4644-8A8D-47E2B775B78A}.GenerateDebug|Any CPU.Build.0 = Debug|Any CPU
		{B9015AC5-CAD7-4644-8A8D-47E2B775B78A}.GenerateDebug|Mixed Platforms.ActiveCfg = Debug|Any CPU
		{B9015AC5-CAD7-4644-8A8D-47E2B775B78A}.GenerateDebug|Mixed Platforms.Build.0 = Debug|Any CPU
		{B9015AC5-CAD7-4644-8A8D-47E2B775B78A}.GenerateDebug|x64.ActiveCfg = Debug|Any CPU
		{B9015AC5-CAD7-4644-8A8D-47E2B775B78A}.GenerateDebug|x86.ActiveCfg = Debug|Any CPU
		{B9015AC5-CAD7-4644-8A8D-47E2B775B78A}.Release|Any CPU.ActiveCfg = Release|Any CPU
		{B9015AC5-CAD7-4644-8A8D-47E2B775B78A}.Release|Any CPU.Build.0 = Release|Any CPU
		{B9015AC5-CAD7-4644-8A8D-47E2B775B78A}.Release|Mixed Platforms.ActiveCfg = Release|Any CPU
		{B9015AC5-CAD7-4644-8A8D-47E2B775B78A}.Release|Mixed Platforms.Build.0 = Release|Any CPU
		{B9015AC5-CAD7-4644-8A8D-47E2B775B78A}.Release|x64.ActiveCfg = Release|Any CPU
		{B9015AC5-CAD7-4644-8A8D-47E2B775B78A}.Release|x86.ActiveCfg = Release|Any CPU
		{549363D5-FE63-47FB-A2F7-50B3C339D8A7}.Debug|Any CPU.ActiveCfg = Debug|Any CPU
		{549363D5-FE63-47FB-A2F7-50B3C339D8A7}.Debug|Any CPU.Build.0 = Debug|Any CPU
		{549363D5-FE63-47FB-A2F7-50B3C339D8A7}.Debug|Mixed Platforms.ActiveCfg = Debug|Any CPU
		{549363D5-FE63-47FB-A2F7-50B3C339D8A7}.Debug|x64.ActiveCfg = Debug|x86
		{549363D5-FE63-47FB-A2F7-50B3C339D8A7}.Debug|x86.ActiveCfg = Debug|x86
		{549363D5-FE63-47FB-A2F7-50B3C339D8A7}.Debug|x86.Build.0 = Debug|x86
		{549363D5-FE63-47FB-A2F7-50B3C339D8A7}.GenerateDebug|Any CPU.ActiveCfg = Debug|Any CPU
		{549363D5-FE63-47FB-A2F7-50B3C339D8A7}.GenerateDebug|Any CPU.Build.0 = Debug|Any CPU
		{549363D5-FE63-47FB-A2F7-50B3C339D8A7}.GenerateDebug|Mixed Platforms.ActiveCfg = Debug|Any CPU
		{549363D5-FE63-47FB-A2F7-50B3C339D8A7}.GenerateDebug|Mixed Platforms.Build.0 = Debug|Any CPU
		{549363D5-FE63-47FB-A2F7-50B3C339D8A7}.GenerateDebug|x64.ActiveCfg = Debug|Any CPU
		{549363D5-FE63-47FB-A2F7-50B3C339D8A7}.GenerateDebug|x86.ActiveCfg = Debug|x86
		{549363D5-FE63-47FB-A2F7-50B3C339D8A7}.GenerateDebug|x86.Build.0 = Debug|x86
		{549363D5-FE63-47FB-A2F7-50B3C339D8A7}.Release|Any CPU.ActiveCfg = Release|Any CPU
		{549363D5-FE63-47FB-A2F7-50B3C339D8A7}.Release|Any CPU.Build.0 = Release|Any CPU
		{549363D5-FE63-47FB-A2F7-50B3C339D8A7}.Release|Mixed Platforms.ActiveCfg = Release|Any CPU
		{549363D5-FE63-47FB-A2F7-50B3C339D8A7}.Release|Mixed Platforms.Build.0 = Release|Any CPU
		{549363D5-FE63-47FB-A2F7-50B3C339D8A7}.Release|x64.ActiveCfg = Release|x86
		{549363D5-FE63-47FB-A2F7-50B3C339D8A7}.Release|x86.ActiveCfg = Release|x86
		{549363D5-FE63-47FB-A2F7-50B3C339D8A7}.Release|x86.Build.0 = Release|x86
		{73ECBE35-82DE-46FF-B6F7-6BD0CC80F763}.Debug|Any CPU.ActiveCfg = Debug|Any CPU
		{73ECBE35-82DE-46FF-B6F7-6BD0CC80F763}.Debug|Any CPU.Build.0 = Debug|Any CPU
		{73ECBE35-82DE-46FF-B6F7-6BD0CC80F763}.Debug|Mixed Platforms.ActiveCfg = Debug|x86
		{73ECBE35-82DE-46FF-B6F7-6BD0CC80F763}.Debug|x64.ActiveCfg = Debug|x86
		{73ECBE35-82DE-46FF-B6F7-6BD0CC80F763}.Debug|x86.ActiveCfg = Debug|x86
		{73ECBE35-82DE-46FF-B6F7-6BD0CC80F763}.Debug|x86.Build.0 = Debug|x86
		{73ECBE35-82DE-46FF-B6F7-6BD0CC80F763}.GenerateDebug|Any CPU.ActiveCfg = Debug|x86
		{73ECBE35-82DE-46FF-B6F7-6BD0CC80F763}.GenerateDebug|Mixed Platforms.ActiveCfg = Debug|x86
		{73ECBE35-82DE-46FF-B6F7-6BD0CC80F763}.GenerateDebug|Mixed Platforms.Build.0 = Debug|x86
		{73ECBE35-82DE-46FF-B6F7-6BD0CC80F763}.GenerateDebug|x64.ActiveCfg = Debug|x86
		{73ECBE35-82DE-46FF-B6F7-6BD0CC80F763}.GenerateDebug|x86.ActiveCfg = Debug|x86
		{73ECBE35-82DE-46FF-B6F7-6BD0CC80F763}.GenerateDebug|x86.Build.0 = Debug|x86
		{73ECBE35-82DE-46FF-B6F7-6BD0CC80F763}.Release|Any CPU.ActiveCfg = Release|Any CPU
		{73ECBE35-82DE-46FF-B6F7-6BD0CC80F763}.Release|Any CPU.Build.0 = Release|Any CPU
		{73ECBE35-82DE-46FF-B6F7-6BD0CC80F763}.Release|Mixed Platforms.ActiveCfg = Release|x86
		{73ECBE35-82DE-46FF-B6F7-6BD0CC80F763}.Release|Mixed Platforms.Build.0 = Release|x86
		{73ECBE35-82DE-46FF-B6F7-6BD0CC80F763}.Release|x64.ActiveCfg = Release|x86
		{73ECBE35-82DE-46FF-B6F7-6BD0CC80F763}.Release|x86.ActiveCfg = Release|x86
		{73ECBE35-82DE-46FF-B6F7-6BD0CC80F763}.Release|x86.Build.0 = Release|x86
		{B1DE0695-CB93-4E72-A1F8-F35882664AD1}.Debug|Any CPU.ActiveCfg = Debug|Any CPU
		{B1DE0695-CB93-4E72-A1F8-F35882664AD1}.Debug|Any CPU.Build.0 = Debug|Any CPU
		{B1DE0695-CB93-4E72-A1F8-F35882664AD1}.Debug|Mixed Platforms.ActiveCfg = Debug|Any CPU
		{B1DE0695-CB93-4E72-A1F8-F35882664AD1}.Debug|x64.ActiveCfg = Debug|Any CPU
		{B1DE0695-CB93-4E72-A1F8-F35882664AD1}.Debug|x86.ActiveCfg = Debug|Any CPU
		{B1DE0695-CB93-4E72-A1F8-F35882664AD1}.Debug|x86.Build.0 = Debug|Any CPU
		{B1DE0695-CB93-4E72-A1F8-F35882664AD1}.GenerateDebug|Any CPU.ActiveCfg = Debug|Any CPU
		{B1DE0695-CB93-4E72-A1F8-F35882664AD1}.GenerateDebug|Any CPU.Build.0 = Debug|Any CPU
		{B1DE0695-CB93-4E72-A1F8-F35882664AD1}.GenerateDebug|Mixed Platforms.ActiveCfg = Debug|Any CPU
		{B1DE0695-CB93-4E72-A1F8-F35882664AD1}.GenerateDebug|Mixed Platforms.Build.0 = Debug|Any CPU
		{B1DE0695-CB93-4E72-A1F8-F35882664AD1}.GenerateDebug|x64.ActiveCfg = Debug|Any CPU
		{B1DE0695-CB93-4E72-A1F8-F35882664AD1}.GenerateDebug|x86.ActiveCfg = Debug|Any CPU
		{B1DE0695-CB93-4E72-A1F8-F35882664AD1}.Release|Any CPU.ActiveCfg = Release|Any CPU
		{B1DE0695-CB93-4E72-A1F8-F35882664AD1}.Release|Any CPU.Build.0 = Release|Any CPU
		{B1DE0695-CB93-4E72-A1F8-F35882664AD1}.Release|Mixed Platforms.ActiveCfg = Release|Any CPU
		{B1DE0695-CB93-4E72-A1F8-F35882664AD1}.Release|Mixed Platforms.Build.0 = Release|Any CPU
		{B1DE0695-CB93-4E72-A1F8-F35882664AD1}.Release|x64.ActiveCfg = Release|Any CPU
		{B1DE0695-CB93-4E72-A1F8-F35882664AD1}.Release|x86.ActiveCfg = Release|Any CPU
		{6CDC23BE-3A9E-469F-8520-F5B73D97D7C4}.Debug|Any CPU.ActiveCfg = Debug|Any CPU
		{6CDC23BE-3A9E-469F-8520-F5B73D97D7C4}.Debug|Any CPU.Build.0 = Debug|Any CPU
		{6CDC23BE-3A9E-469F-8520-F5B73D97D7C4}.Debug|Mixed Platforms.ActiveCfg = Debug|Any CPU
		{6CDC23BE-3A9E-469F-8520-F5B73D97D7C4}.Debug|x64.ActiveCfg = Debug|Any CPU
		{6CDC23BE-3A9E-469F-8520-F5B73D97D7C4}.Debug|x86.ActiveCfg = Debug|Any CPU
		{6CDC23BE-3A9E-469F-8520-F5B73D97D7C4}.Debug|x86.Build.0 = Debug|Any CPU
		{6CDC23BE-3A9E-469F-8520-F5B73D97D7C4}.GenerateDebug|Any CPU.ActiveCfg = Debug|Any CPU
		{6CDC23BE-3A9E-469F-8520-F5B73D97D7C4}.GenerateDebug|Any CPU.Build.0 = Debug|Any CPU
		{6CDC23BE-3A9E-469F-8520-F5B73D97D7C4}.GenerateDebug|Mixed Platforms.ActiveCfg = Debug|Any CPU
		{6CDC23BE-3A9E-469F-8520-F5B73D97D7C4}.GenerateDebug|Mixed Platforms.Build.0 = Debug|Any CPU
		{6CDC23BE-3A9E-469F-8520-F5B73D97D7C4}.GenerateDebug|x64.ActiveCfg = Debug|Any CPU
		{6CDC23BE-3A9E-469F-8520-F5B73D97D7C4}.GenerateDebug|x86.ActiveCfg = Debug|Any CPU
		{6CDC23BE-3A9E-469F-8520-F5B73D97D7C4}.Release|Any CPU.ActiveCfg = Release|Any CPU
		{6CDC23BE-3A9E-469F-8520-F5B73D97D7C4}.Release|Any CPU.Build.0 = Release|Any CPU
		{6CDC23BE-3A9E-469F-8520-F5B73D97D7C4}.Release|Mixed Platforms.ActiveCfg = Release|Any CPU
		{6CDC23BE-3A9E-469F-8520-F5B73D97D7C4}.Release|Mixed Platforms.Build.0 = Release|Any CPU
		{6CDC23BE-3A9E-469F-8520-F5B73D97D7C4}.Release|x64.ActiveCfg = Release|Any CPU
		{6CDC23BE-3A9E-469F-8520-F5B73D97D7C4}.Release|x86.ActiveCfg = Release|Any CPU
		{39419F4F-FC06-4ED3-BCEB-04E23FEA07F2}.Debug|Any CPU.ActiveCfg = Debug|Any CPU
		{39419F4F-FC06-4ED3-BCEB-04E23FEA07F2}.Debug|Any CPU.Build.0 = Debug|Any CPU
		{39419F4F-FC06-4ED3-BCEB-04E23FEA07F2}.Debug|Mixed Platforms.ActiveCfg = Debug|Any CPU
		{39419F4F-FC06-4ED3-BCEB-04E23FEA07F2}.Debug|x64.ActiveCfg = Debug|Any CPU
		{39419F4F-FC06-4ED3-BCEB-04E23FEA07F2}.Debug|x86.ActiveCfg = Debug|Any CPU
		{39419F4F-FC06-4ED3-BCEB-04E23FEA07F2}.Debug|x86.Build.0 = Debug|Any CPU
		{39419F4F-FC06-4ED3-BCEB-04E23FEA07F2}.GenerateDebug|Any CPU.ActiveCfg = Debug|Any CPU
		{39419F4F-FC06-4ED3-BCEB-04E23FEA07F2}.GenerateDebug|Any CPU.Build.0 = Debug|Any CPU
		{39419F4F-FC06-4ED3-BCEB-04E23FEA07F2}.GenerateDebug|Mixed Platforms.ActiveCfg = Debug|Any CPU
		{39419F4F-FC06-4ED3-BCEB-04E23FEA07F2}.GenerateDebug|Mixed Platforms.Build.0 = Debug|Any CPU
		{39419F4F-FC06-4ED3-BCEB-04E23FEA07F2}.GenerateDebug|x64.ActiveCfg = Debug|Any CPU
		{39419F4F-FC06-4ED3-BCEB-04E23FEA07F2}.GenerateDebug|x86.ActiveCfg = Debug|Any CPU
		{39419F4F-FC06-4ED3-BCEB-04E23FEA07F2}.Release|Any CPU.ActiveCfg = Release|Any CPU
		{39419F4F-FC06-4ED3-BCEB-04E23FEA07F2}.Release|Any CPU.Build.0 = Release|Any CPU
		{39419F4F-FC06-4ED3-BCEB-04E23FEA07F2}.Release|Mixed Platforms.ActiveCfg = Release|Any CPU
		{39419F4F-FC06-4ED3-BCEB-04E23FEA07F2}.Release|Mixed Platforms.Build.0 = Release|Any CPU
		{39419F4F-FC06-4ED3-BCEB-04E23FEA07F2}.Release|x64.ActiveCfg = Release|Any CPU
		{39419F4F-FC06-4ED3-BCEB-04E23FEA07F2}.Release|x86.ActiveCfg = Release|Any CPU
		{6278C986-AE44-4B28-960C-2C8825DB9A40}.Debug|Any CPU.ActiveCfg = Debug|Any CPU
		{6278C986-AE44-4B28-960C-2C8825DB9A40}.Debug|Any CPU.Build.0 = Debug|Any CPU
		{6278C986-AE44-4B28-960C-2C8825DB9A40}.Debug|Mixed Platforms.ActiveCfg = Debug|Any CPU
		{6278C986-AE44-4B28-960C-2C8825DB9A40}.Debug|x64.ActiveCfg = Debug|Any CPU
		{6278C986-AE44-4B28-960C-2C8825DB9A40}.Debug|x86.ActiveCfg = Debug|Any CPU
		{6278C986-AE44-4B28-960C-2C8825DB9A40}.Debug|x86.Build.0 = Debug|Any CPU
		{6278C986-AE44-4B28-960C-2C8825DB9A40}.GenerateDebug|Any CPU.ActiveCfg = Debug|Any CPU
		{6278C986-AE44-4B28-960C-2C8825DB9A40}.GenerateDebug|Any CPU.Build.0 = Debug|Any CPU
		{6278C986-AE44-4B28-960C-2C8825DB9A40}.GenerateDebug|Mixed Platforms.ActiveCfg = Debug|Any CPU
		{6278C986-AE44-4B28-960C-2C8825DB9A40}.GenerateDebug|Mixed Platforms.Build.0 = Debug|Any CPU
		{6278C986-AE44-4B28-960C-2C8825DB9A40}.GenerateDebug|x64.ActiveCfg = Debug|Any CPU
		{6278C986-AE44-4B28-960C-2C8825DB9A40}.GenerateDebug|x86.ActiveCfg = Debug|Any CPU
		{6278C986-AE44-4B28-960C-2C8825DB9A40}.Release|Any CPU.ActiveCfg = Release|Any CPU
		{6278C986-AE44-4B28-960C-2C8825DB9A40}.Release|Any CPU.Build.0 = Release|Any CPU
		{6278C986-AE44-4B28-960C-2C8825DB9A40}.Release|Mixed Platforms.ActiveCfg = Release|Any CPU
		{6278C986-AE44-4B28-960C-2C8825DB9A40}.Release|Mixed Platforms.Build.0 = Release|Any CPU
		{6278C986-AE44-4B28-960C-2C8825DB9A40}.Release|x64.ActiveCfg = Release|Any CPU
		{6278C986-AE44-4B28-960C-2C8825DB9A40}.Release|x86.ActiveCfg = Release|Any CPU
		{426CA6BC-9899-4092-B54D-397DB6160D35}.Debug|Any CPU.ActiveCfg = Debug|Any CPU
		{426CA6BC-9899-4092-B54D-397DB6160D35}.Debug|Any CPU.Build.0 = Debug|Any CPU
		{426CA6BC-9899-4092-B54D-397DB6160D35}.Debug|Mixed Platforms.ActiveCfg = Debug|Any CPU
		{426CA6BC-9899-4092-B54D-397DB6160D35}.Debug|Mixed Platforms.Build.0 = Debug|Any CPU
		{426CA6BC-9899-4092-B54D-397DB6160D35}.Debug|x64.ActiveCfg = Debug|Any CPU
		{426CA6BC-9899-4092-B54D-397DB6160D35}.Debug|x86.ActiveCfg = Debug|x86
		{426CA6BC-9899-4092-B54D-397DB6160D35}.Debug|x86.Build.0 = Debug|x86
		{426CA6BC-9899-4092-B54D-397DB6160D35}.GenerateDebug|Any CPU.ActiveCfg = Debug|Any CPU
		{426CA6BC-9899-4092-B54D-397DB6160D35}.GenerateDebug|Any CPU.Build.0 = Debug|Any CPU
		{426CA6BC-9899-4092-B54D-397DB6160D35}.GenerateDebug|Mixed Platforms.ActiveCfg = Debug|x86
		{426CA6BC-9899-4092-B54D-397DB6160D35}.GenerateDebug|Mixed Platforms.Build.0 = Debug|x86
		{426CA6BC-9899-4092-B54D-397DB6160D35}.GenerateDebug|x64.ActiveCfg = Debug|Any CPU
		{426CA6BC-9899-4092-B54D-397DB6160D35}.GenerateDebug|x86.ActiveCfg = Debug|x86
		{426CA6BC-9899-4092-B54D-397DB6160D35}.GenerateDebug|x86.Build.0 = Debug|x86
		{426CA6BC-9899-4092-B54D-397DB6160D35}.Release|Any CPU.ActiveCfg = Release|Any CPU
		{426CA6BC-9899-4092-B54D-397DB6160D35}.Release|Any CPU.Build.0 = Release|Any CPU
		{426CA6BC-9899-4092-B54D-397DB6160D35}.Release|Mixed Platforms.ActiveCfg = Release|x86
		{426CA6BC-9899-4092-B54D-397DB6160D35}.Release|Mixed Platforms.Build.0 = Release|x86
		{426CA6BC-9899-4092-B54D-397DB6160D35}.Release|x64.ActiveCfg = Release|Any CPU
		{426CA6BC-9899-4092-B54D-397DB6160D35}.Release|x86.ActiveCfg = Release|x86
		{426CA6BC-9899-4092-B54D-397DB6160D35}.Release|x86.Build.0 = Release|x86
		{8F94C5CB-E9FC-4F11-88D6-E3F7D0E2E5FF}.Debug|Any CPU.ActiveCfg = Debug|Any CPU
		{8F94C5CB-E9FC-4F11-88D6-E3F7D0E2E5FF}.Debug|Any CPU.Build.0 = Debug|Any CPU
		{8F94C5CB-E9FC-4F11-88D6-E3F7D0E2E5FF}.Debug|Mixed Platforms.ActiveCfg = Debug|Any CPU
		{8F94C5CB-E9FC-4F11-88D6-E3F7D0E2E5FF}.Debug|x64.ActiveCfg = Debug|Any CPU
		{8F94C5CB-E9FC-4F11-88D6-E3F7D0E2E5FF}.Debug|x86.ActiveCfg = Debug|x86
		{8F94C5CB-E9FC-4F11-88D6-E3F7D0E2E5FF}.Debug|x86.Build.0 = Debug|x86
		{8F94C5CB-E9FC-4F11-88D6-E3F7D0E2E5FF}.GenerateDebug|Any CPU.ActiveCfg = Debug|Any CPU
		{8F94C5CB-E9FC-4F11-88D6-E3F7D0E2E5FF}.GenerateDebug|Any CPU.Build.0 = Debug|Any CPU
		{8F94C5CB-E9FC-4F11-88D6-E3F7D0E2E5FF}.GenerateDebug|Mixed Platforms.ActiveCfg = Debug|x86
		{8F94C5CB-E9FC-4F11-88D6-E3F7D0E2E5FF}.GenerateDebug|Mixed Platforms.Build.0 = Debug|x86
		{8F94C5CB-E9FC-4F11-88D6-E3F7D0E2E5FF}.GenerateDebug|x64.ActiveCfg = Debug|Any CPU
		{8F94C5CB-E9FC-4F11-88D6-E3F7D0E2E5FF}.GenerateDebug|x86.ActiveCfg = Debug|x86
		{8F94C5CB-E9FC-4F11-88D6-E3F7D0E2E5FF}.GenerateDebug|x86.Build.0 = Debug|x86
		{8F94C5CB-E9FC-4F11-88D6-E3F7D0E2E5FF}.Release|Any CPU.ActiveCfg = Release|Any CPU
		{8F94C5CB-E9FC-4F11-88D6-E3F7D0E2E5FF}.Release|Any CPU.Build.0 = Release|Any CPU
		{8F94C5CB-E9FC-4F11-88D6-E3F7D0E2E5FF}.Release|Mixed Platforms.ActiveCfg = Release|x86
		{8F94C5CB-E9FC-4F11-88D6-E3F7D0E2E5FF}.Release|Mixed Platforms.Build.0 = Release|x86
		{8F94C5CB-E9FC-4F11-88D6-E3F7D0E2E5FF}.Release|x64.ActiveCfg = Release|Any CPU
		{8F94C5CB-E9FC-4F11-88D6-E3F7D0E2E5FF}.Release|x86.ActiveCfg = Release|x86
		{8F94C5CB-E9FC-4F11-88D6-E3F7D0E2E5FF}.Release|x86.Build.0 = Release|x86
		{B6C72412-BF7E-414A-8ED9-127506706BDC}.Debug|Any CPU.ActiveCfg = Debug|Any CPU
		{B6C72412-BF7E-414A-8ED9-127506706BDC}.Debug|Any CPU.Build.0 = Debug|Any CPU
		{B6C72412-BF7E-414A-8ED9-127506706BDC}.Debug|Mixed Platforms.ActiveCfg = Debug|Any CPU
		{B6C72412-BF7E-414A-8ED9-127506706BDC}.Debug|Mixed Platforms.Build.0 = Debug|Any CPU
		{B6C72412-BF7E-414A-8ED9-127506706BDC}.Debug|x64.ActiveCfg = Debug|Any CPU
		{B6C72412-BF7E-414A-8ED9-127506706BDC}.Debug|x86.ActiveCfg = Debug|Any CPU
		{B6C72412-BF7E-414A-8ED9-127506706BDC}.GenerateDebug|Any CPU.ActiveCfg = Debug|Any CPU
		{B6C72412-BF7E-414A-8ED9-127506706BDC}.GenerateDebug|Any CPU.Build.0 = Debug|Any CPU
		{B6C72412-BF7E-414A-8ED9-127506706BDC}.GenerateDebug|Mixed Platforms.ActiveCfg = Debug|Any CPU
		{B6C72412-BF7E-414A-8ED9-127506706BDC}.GenerateDebug|Mixed Platforms.Build.0 = Debug|Any CPU
		{B6C72412-BF7E-414A-8ED9-127506706BDC}.GenerateDebug|x64.ActiveCfg = Debug|Any CPU
		{B6C72412-BF7E-414A-8ED9-127506706BDC}.GenerateDebug|x86.ActiveCfg = Debug|Any CPU
		{B6C72412-BF7E-414A-8ED9-127506706BDC}.Release|Any CPU.ActiveCfg = Release|Any CPU
		{B6C72412-BF7E-414A-8ED9-127506706BDC}.Release|Any CPU.Build.0 = Release|Any CPU
		{B6C72412-BF7E-414A-8ED9-127506706BDC}.Release|Mixed Platforms.ActiveCfg = Release|Any CPU
		{B6C72412-BF7E-414A-8ED9-127506706BDC}.Release|Mixed Platforms.Build.0 = Release|Any CPU
		{B6C72412-BF7E-414A-8ED9-127506706BDC}.Release|x64.ActiveCfg = Release|Any CPU
		{B6C72412-BF7E-414A-8ED9-127506706BDC}.Release|x86.ActiveCfg = Release|Any CPU
		{C89C9A2D-D746-444C-B4F5-BFCA18A57A26}.Debug|Any CPU.ActiveCfg = Debug|Any CPU
		{C89C9A2D-D746-444C-B4F5-BFCA18A57A26}.Debug|Any CPU.Build.0 = Debug|Any CPU
		{C89C9A2D-D746-444C-B4F5-BFCA18A57A26}.Debug|Mixed Platforms.ActiveCfg = Debug|Any CPU
		{C89C9A2D-D746-444C-B4F5-BFCA18A57A26}.Debug|Mixed Platforms.Build.0 = Debug|Any CPU
		{C89C9A2D-D746-444C-B4F5-BFCA18A57A26}.Debug|x64.ActiveCfg = Debug|Any CPU
		{C89C9A2D-D746-444C-B4F5-BFCA18A57A26}.Debug|x86.ActiveCfg = Debug|Any CPU
		{C89C9A2D-D746-444C-B4F5-BFCA18A57A26}.GenerateDebug|Any CPU.ActiveCfg = Debug|Any CPU
		{C89C9A2D-D746-444C-B4F5-BFCA18A57A26}.GenerateDebug|Any CPU.Build.0 = Debug|Any CPU
		{C89C9A2D-D746-444C-B4F5-BFCA18A57A26}.GenerateDebug|Mixed Platforms.ActiveCfg = Debug|Any CPU
		{C89C9A2D-D746-444C-B4F5-BFCA18A57A26}.GenerateDebug|Mixed Platforms.Build.0 = Debug|Any CPU
		{C89C9A2D-D746-444C-B4F5-BFCA18A57A26}.GenerateDebug|x64.ActiveCfg = Debug|Any CPU
		{C89C9A2D-D746-444C-B4F5-BFCA18A57A26}.GenerateDebug|x86.ActiveCfg = Debug|Any CPU
		{C89C9A2D-D746-444C-B4F5-BFCA18A57A26}.Release|Any CPU.ActiveCfg = Release|Any CPU
		{C89C9A2D-D746-444C-B4F5-BFCA18A57A26}.Release|Any CPU.Build.0 = Release|Any CPU
		{C89C9A2D-D746-444C-B4F5-BFCA18A57A26}.Release|Mixed Platforms.ActiveCfg = Release|Any CPU
		{C89C9A2D-D746-444C-B4F5-BFCA18A57A26}.Release|Mixed Platforms.Build.0 = Release|Any CPU
		{C89C9A2D-D746-444C-B4F5-BFCA18A57A26}.Release|x64.ActiveCfg = Release|Any CPU
		{C89C9A2D-D746-444C-B4F5-BFCA18A57A26}.Release|x86.ActiveCfg = Release|Any CPU
		{2D76ED94-D932-4590-9A21-7D42FA3D4221}.Debug|Any CPU.ActiveCfg = Debug|Any CPU
		{2D76ED94-D932-4590-9A21-7D42FA3D4221}.Debug|Any CPU.Build.0 = Debug|Any CPU
		{2D76ED94-D932-4590-9A21-7D42FA3D4221}.Debug|Mixed Platforms.ActiveCfg = Debug|Any CPU
		{2D76ED94-D932-4590-9A21-7D42FA3D4221}.Debug|Mixed Platforms.Build.0 = Debug|Any CPU
		{2D76ED94-D932-4590-9A21-7D42FA3D4221}.Debug|x64.ActiveCfg = Debug|Any CPU
		{2D76ED94-D932-4590-9A21-7D42FA3D4221}.Debug|x86.ActiveCfg = Debug|Any CPU
		{2D76ED94-D932-4590-9A21-7D42FA3D4221}.GenerateDebug|Any CPU.ActiveCfg = Debug|Any CPU
		{2D76ED94-D932-4590-9A21-7D42FA3D4221}.GenerateDebug|Any CPU.Build.0 = Debug|Any CPU
		{2D76ED94-D932-4590-9A21-7D42FA3D4221}.GenerateDebug|Mixed Platforms.ActiveCfg = Debug|Any CPU
		{2D76ED94-D932-4590-9A21-7D42FA3D4221}.GenerateDebug|Mixed Platforms.Build.0 = Debug|Any CPU
		{2D76ED94-D932-4590-9A21-7D42FA3D4221}.GenerateDebug|x64.ActiveCfg = Debug|Any CPU
		{2D76ED94-D932-4590-9A21-7D42FA3D4221}.GenerateDebug|x86.ActiveCfg = Debug|Any CPU
		{2D76ED94-D932-4590-9A21-7D42FA3D4221}.Release|Any CPU.ActiveCfg = Release|Any CPU
		{2D76ED94-D932-4590-9A21-7D42FA3D4221}.Release|Any CPU.Build.0 = Release|Any CPU
		{2D76ED94-D932-4590-9A21-7D42FA3D4221}.Release|Mixed Platforms.ActiveCfg = Release|Any CPU
		{2D76ED94-D932-4590-9A21-7D42FA3D4221}.Release|Mixed Platforms.Build.0 = Release|Any CPU
		{2D76ED94-D932-4590-9A21-7D42FA3D4221}.Release|x64.ActiveCfg = Release|Any CPU
		{2D76ED94-D932-4590-9A21-7D42FA3D4221}.Release|x86.ActiveCfg = Release|Any CPU
	EndGlobalSection
	GlobalSection(SolutionProperties) = preSolution
		HideSolutionNode = FALSE
	EndGlobalSection
	GlobalSection(ExtensibilityGlobals) = postSolution
		VisualSVNWorkingCopyRoot = .
	EndGlobalSection
	GlobalSection(NDepend) = preSolution
		Project = ".\AdimAdimDavaKaydi.ndproj"
	EndGlobalSection
EndGlobal
